// !$*UTF8*$!
{
	archiveVersion = 1;
	classes = {
	};
	objectVersion = 56;
	objects = {

/* Begin PBXBuildFile section */
		8B049D952ABFC072004DC481 /* MongoDB in Frameworks */ = {isa = PBXBuildFile; productRef = 8B049D942ABFC072004DC481 /* MongoDB */; };
		8B049D972ABFC1BC004DC481 /* MongoHostProvider.swift in Sources */ = {isa = PBXBuildFile; fileRef = 8B049D962ABFC1BC004DC481 /* MongoHostProvider.swift */; };
		8B06BA5B2AD9C51A00DFF745 /* UIViewController+Layout.swift in Sources */ = {isa = PBXBuildFile; fileRef = 8B06BA5A2AD9C51A00DFF745 /* UIViewController+Layout.swift */; };
		8B263A872ABA442500C50D66 /* ServerErrorDTO.swift in Sources */ = {isa = PBXBuildFile; fileRef = 8B263A862ABA442500C50D66 /* ServerErrorDTO.swift */; };
		8B263A892ABA444700C50D66 /* HTTPServerErrorDTO.swift in Sources */ = {isa = PBXBuildFile; fileRef = 8B263A882ABA444700C50D66 /* HTTPServerErrorDTO.swift */; };
		8B46973D2AB7BFFD00CC8131 /* ProfileDTO.swift in Sources */ = {isa = PBXBuildFile; fileRef = 8B46973C2AB7BFFD00CC8131 /* ProfileDTO.swift */; };
		8B46973F2AB7C1BE00CC8131 /* SectionDTO.swift in Sources */ = {isa = PBXBuildFile; fileRef = 8B46973E2AB7C1BE00CC8131 /* SectionDTO.swift */; };
		8B4697412AB7C1C200CC8131 /* MediaDTO.swift in Sources */ = {isa = PBXBuildFile; fileRef = 8B4697402AB7C1C200CC8131 /* MediaDTO.swift */; };
		8B4697432AB7C75C00CC8131 /* HTTPMediaDTO.swift in Sources */ = {isa = PBXBuildFile; fileRef = 8B4697422AB7C75C00CC8131 /* HTTPMediaDTO.swift */; };
		8B4697452AB7C76600CC8131 /* HTTPSectionDTO.swift in Sources */ = {isa = PBXBuildFile; fileRef = 8B4697442AB7C76600CC8131 /* HTTPSectionDTO.swift */; };
		8B4697472AB7C76C00CC8131 /* HTTPProfileDTO.swift in Sources */ = {isa = PBXBuildFile; fileRef = 8B4697462AB7C76C00CC8131 /* HTTPProfileDTO.swift */; };
		8B4697492AB7C79600CC8131 /* EpisodeDTO.swift in Sources */ = {isa = PBXBuildFile; fileRef = 8B4697482AB7C79600CC8131 /* EpisodeDTO.swift */; };
		8B46974B2AB7C79A00CC8131 /* SeasonDTO.swift in Sources */ = {isa = PBXBuildFile; fileRef = 8B46974A2AB7C79A00CC8131 /* SeasonDTO.swift */; };
		8B46974D2AB7C7A200CC8131 /* ListDTO.swift in Sources */ = {isa = PBXBuildFile; fileRef = 8B46974C2AB7C7A200CC8131 /* ListDTO.swift */; };
		8B4697512AB7C7BC00CC8131 /* HTTPSeasonDTO.swift in Sources */ = {isa = PBXBuildFile; fileRef = 8B4697502AB7C7BC00CC8131 /* HTTPSeasonDTO.swift */; };
		8B4697532AB7C7C900CC8131 /* HTTPListDTO.swift in Sources */ = {isa = PBXBuildFile; fileRef = 8B4697522AB7C7C900CC8131 /* HTTPListDTO.swift */; };
		8B64B8C22ADC2B5A00A272C5 /* ViewLifecycleBehavior.swift in Sources */ = {isa = PBXBuildFile; fileRef = 8B64B8C12ADC2B5A00A272C5 /* ViewLifecycleBehavior.swift */; };
		8B64B8C42ADC648700A272C5 /* ResponseFetcher.swift in Sources */ = {isa = PBXBuildFile; fileRef = 8B64B8C32ADC648700A272C5 /* ResponseFetcher.swift */; };
		8B64B8C62ADC649100A272C5 /* ResponseFetchable.swift in Sources */ = {isa = PBXBuildFile; fileRef = 8B64B8C52ADC649100A272C5 /* ResponseFetchable.swift */; };
		8B64B8C82ADC64A200A272C5 /* ResponseSavable.swift in Sources */ = {isa = PBXBuildFile; fileRef = 8B64B8C72ADC64A200A272C5 /* ResponseSavable.swift */; };
		8B64B8CA2ADC64A700A272C5 /* ResponseDeletable.swift in Sources */ = {isa = PBXBuildFile; fileRef = 8B64B8C92ADC64A700A272C5 /* ResponseDeletable.swift */; };
		8B64B8CC2ADC64DE00A272C5 /* ResponseSaver.swift in Sources */ = {isa = PBXBuildFile; fileRef = 8B64B8CB2ADC64DE00A272C5 /* ResponseSaver.swift */; };
		8B64B8CE2ADC650300A272C5 /* ResponseDeleter.swift in Sources */ = {isa = PBXBuildFile; fileRef = 8B64B8CD2ADC650300A272C5 /* ResponseDeleter.swift */; };
		8B64B8D12ADC65F200A272C5 /* NSFetchRequestResult+Mapping.swift in Sources */ = {isa = PBXBuildFile; fileRef = 8B64B8D02ADC65F200A272C5 /* NSFetchRequestResult+Mapping.swift */; };
		8B64B8D32ADC661100A272C5 /* ResponsePersistable.swift in Sources */ = {isa = PBXBuildFile; fileRef = 8B64B8D22ADC661100A272C5 /* ResponsePersistable.swift */; };
		8B64B8D52ADC668700A272C5 /* AuthService.swift in Sources */ = {isa = PBXBuildFile; fileRef = 8B64B8D42ADC668700A272C5 /* AuthService.swift */; };
		8B64B8D72ADC775E00A272C5 /* CoreDataPersistable.swift in Sources */ = {isa = PBXBuildFile; fileRef = 8B64B8D62ADC775E00A272C5 /* CoreDataPersistable.swift */; };
		8B64B8D92ADC778500A272C5 /* CoreDataValueTransformable.swift in Sources */ = {isa = PBXBuildFile; fileRef = 8B64B8D82ADC778400A272C5 /* CoreDataValueTransformable.swift */; };
		8B64B8DB2ADC77B000A272C5 /* CoreDataPersistingError.swift in Sources */ = {isa = PBXBuildFile; fileRef = 8B64B8DA2ADC77B000A272C5 /* CoreDataPersistingError.swift */; };
		8B64B8DD2ADC792500A272C5 /* ValueTransformerValue.swift in Sources */ = {isa = PBXBuildFile; fileRef = 8B64B8DC2ADC792500A272C5 /* ValueTransformerValue.swift */; };
		8B64B8E02AE0593300A272C5 /* ProfileViewController.swift in Sources */ = {isa = PBXBuildFile; fileRef = 8B64B8DF2AE0593300A272C5 /* ProfileViewController.swift */; };
		8B64B8E22AE0593E00A272C5 /* ProfileViewModel.swift in Sources */ = {isa = PBXBuildFile; fileRef = 8B64B8E12AE0593E00A272C5 /* ProfileViewModel.swift */; };
		8B64B8E62AE05EAD00A272C5 /* ProfileCoordinator.swift in Sources */ = {isa = PBXBuildFile; fileRef = 8B64B8E52AE05EAD00A272C5 /* ProfileCoordinator.swift */; };
		8B64B8E82AE05F5200A272C5 /* ProfileViewController.storyboard in Resources */ = {isa = PBXBuildFile; fileRef = 8B64B8E72AE05F5200A272C5 /* ProfileViewController.storyboard */; };
		8B64B8EE2AE0614D00A272C5 /* EditProfileViewController.swift in Sources */ = {isa = PBXBuildFile; fileRef = 8B64B8ED2AE0614D00A272C5 /* EditProfileViewController.swift */; };
		8B64B8F02AE0616200A272C5 /* AddProfileViewController.swift in Sources */ = {isa = PBXBuildFile; fileRef = 8B64B8EF2AE0616200A272C5 /* AddProfileViewController.swift */; };
		8B64B8F22AE0618F00A272C5 /* AddProfileViewModel.swift in Sources */ = {isa = PBXBuildFile; fileRef = 8B64B8F12AE0618F00A272C5 /* AddProfileViewModel.swift */; };
		8B64B8F42AE0619600A272C5 /* EditProfileViewModel.swift in Sources */ = {isa = PBXBuildFile; fileRef = 8B64B8F32AE0619600A272C5 /* EditProfileViewModel.swift */; };
		8B6BA72D2ADBF9B900B7FD8A /* BorderedButton.swift in Sources */ = {isa = PBXBuildFile; fileRef = 8B6BA72C2ADBF9B900B7FD8A /* BorderedButton.swift */; };
		8B87E52C2AB408A0009248EC /* AppDelegate.swift in Sources */ = {isa = PBXBuildFile; fileRef = 8B87E52B2AB408A0009248EC /* AppDelegate.swift */; };
		8B87E52E2AB408A0009248EC /* SceneDelegate.swift in Sources */ = {isa = PBXBuildFile; fileRef = 8B87E52D2AB408A0009248EC /* SceneDelegate.swift */; };
		8B87E5352AB408A1009248EC /* Assets.xcassets in Resources */ = {isa = PBXBuildFile; fileRef = 8B87E5342AB408A1009248EC /* Assets.xcassets */; };
		8B87E5382AB408A1009248EC /* LaunchScreen.storyboard in Resources */ = {isa = PBXBuildFile; fileRef = 8B87E5362AB408A1009248EC /* LaunchScreen.storyboard */; };
		8B87E5432AB4096B009248EC /* Application.swift in Sources */ = {isa = PBXBuildFile; fileRef = 8B87E5422AB4096B009248EC /* Application.swift */; };
		8B87E5452AB40978009248EC /* AppCoordinator.swift in Sources */ = {isa = PBXBuildFile; fileRef = 8B87E5442AB40978009248EC /* AppCoordinator.swift */; };
		8B87E5602AB40A1F009248EC /* TabBarCoordinator.swift in Sources */ = {isa = PBXBuildFile; fileRef = 8B87E55F2AB40A1F009248EC /* TabBarCoordinator.swift */; };
		8B87E5622AB40A26009248EC /* TabBarViewModel.swift in Sources */ = {isa = PBXBuildFile; fileRef = 8B87E5612AB40A26009248EC /* TabBarViewModel.swift */; };
		8B87E5642AB40A2B009248EC /* TabBarController.swift in Sources */ = {isa = PBXBuildFile; fileRef = 8B87E5632AB40A2B009248EC /* TabBarController.swift */; };
		8B87E5662AB40A3E009248EC /* TabBarController.storyboard in Resources */ = {isa = PBXBuildFile; fileRef = 8B87E5652AB40A3E009248EC /* TabBarController.storyboard */; };
		8B87E5682AB40A61009248EC /* AlphaViewModel.swift in Sources */ = {isa = PBXBuildFile; fileRef = 8B87E5672AB40A61009248EC /* AlphaViewModel.swift */; };
		8B87E56A2AB40A66009248EC /* AlphaViewController.swift in Sources */ = {isa = PBXBuildFile; fileRef = 8B87E5692AB40A66009248EC /* AlphaViewController.swift */; };
		8B87E56C2AB40A6B009248EC /* BetaViewModel.swift in Sources */ = {isa = PBXBuildFile; fileRef = 8B87E56B2AB40A6B009248EC /* BetaViewModel.swift */; };
		8B87E56E2AB40A6F009248EC /* BetaViewController.swift in Sources */ = {isa = PBXBuildFile; fileRef = 8B87E56D2AB40A6F009248EC /* BetaViewController.swift */; };
		8B87E5702AB40A74009248EC /* GammaViewModel.swift in Sources */ = {isa = PBXBuildFile; fileRef = 8B87E56F2AB40A74009248EC /* GammaViewModel.swift */; };
		8B87E5722AB40A79009248EC /* GammaViewController.swift in Sources */ = {isa = PBXBuildFile; fileRef = 8B87E5712AB40A79009248EC /* GammaViewController.swift */; };
		8B87E5752AB40A8E009248EC /* CustomView.swift in Sources */ = {isa = PBXBuildFile; fileRef = 8B87E5742AB40A8E009248EC /* CustomView.swift */; };
		8B87E5772AB40A92009248EC /* CustomViewModel.swift in Sources */ = {isa = PBXBuildFile; fileRef = 8B87E5762AB40A92009248EC /* CustomViewModel.swift */; };
		8B87E5792AB40A97009248EC /* CustomView.xib in Resources */ = {isa = PBXBuildFile; fileRef = 8B87E5782AB40A97009248EC /* CustomView.xib */; };
		8B87E57D2AB40AB7009248EC /* DeltaViewModel.swift in Sources */ = {isa = PBXBuildFile; fileRef = 8B87E57C2AB40AB7009248EC /* DeltaViewModel.swift */; };
		8B87E57F2AB40ABC009248EC /* DeltaViewController.swift in Sources */ = {isa = PBXBuildFile; fileRef = 8B87E57E2AB40ABC009248EC /* DeltaViewController.swift */; };
		8B87E5812AB40AC1009248EC /* OmegaViewModel.swift in Sources */ = {isa = PBXBuildFile; fileRef = 8B87E5802AB40AC1009248EC /* OmegaViewModel.swift */; };
		8B87E5832AB40AC7009248EC /* OmegaViewController.swift in Sources */ = {isa = PBXBuildFile; fileRef = 8B87E5822AB40AC7009248EC /* OmegaViewController.swift */; };
		8B87E5912AB40B28009248EC /* View+Instantiable.swift in Sources */ = {isa = PBXBuildFile; fileRef = 8B87E5902AB40B28009248EC /* View+Instantiable.swift */; };
		8B87E5932AB40B40009248EC /* UIViewController+Storyboard.swift in Sources */ = {isa = PBXBuildFile; fileRef = 8B87E5922AB40B40009248EC /* UIViewController+Storyboard.swift */; };
		8B87E5952AB40B4E009248EC /* Profile.swift in Sources */ = {isa = PBXBuildFile; fileRef = 8B87E5942AB40B4E009248EC /* Profile.swift */; };
		8B87E5972AB480A0009248EC /* DeltaViewController.storyboard in Resources */ = {isa = PBXBuildFile; fileRef = 8B87E5962AB480A0009248EC /* DeltaViewController.storyboard */; };
		8B87E5992AB483E2009248EC /* OmegaViewController.storyboard in Resources */ = {isa = PBXBuildFile; fileRef = 8B87E5982AB483E2009248EC /* OmegaViewController.storyboard */; };
		8B87E59E2AB53A45009248EC /* MongoServer.swift in Sources */ = {isa = PBXBuildFile; fileRef = 8B87E59D2AB53A45009248EC /* MongoServer.swift */; };
		8B87E5A02AB544C8009248EC /* Endpoint.swift in Sources */ = {isa = PBXBuildFile; fileRef = 8B87E59F2AB544C8009248EC /* Endpoint.swift */; };
		8B87E5A22AB5CE0C009248EC /* URLService.swift in Sources */ = {isa = PBXBuildFile; fileRef = 8B87E5A12AB5CE0C009248EC /* URLService.swift */; };
		8B87E5A62AB6767E009248EC /* DataTransferService.swift in Sources */ = {isa = PBXBuildFile; fileRef = 8B87E5A52AB6767E009248EC /* DataTransferService.swift */; };
		8B87E5A92AB693D9009248EC /* Repository.swift in Sources */ = {isa = PBXBuildFile; fileRef = 8B87E5A82AB693D9009248EC /* Repository.swift */; };
		8B87E5AB2AB693DD009248EC /* UseCase.swift in Sources */ = {isa = PBXBuildFile; fileRef = 8B87E5AA2AB693DD009248EC /* UseCase.swift */; };
		8B87E5AF2AB697C0009248EC /* AuthRepository.swift in Sources */ = {isa = PBXBuildFile; fileRef = 8B87E5AE2AB697C0009248EC /* AuthRepository.swift */; };
		8B87E5B12AB697C5009248EC /* AuthUseCase.swift in Sources */ = {isa = PBXBuildFile; fileRef = 8B87E5B02AB697C5009248EC /* AuthUseCase.swift */; };
		8B87E5B52AB73555009248EC /* UserDTO.swift in Sources */ = {isa = PBXBuildFile; fileRef = 8B87E5B42AB73555009248EC /* UserDTO.swift */; };
		8B87E5BA2AB735C9009248EC /* HTTPUserDTO.swift in Sources */ = {isa = PBXBuildFile; fileRef = 8B87E5B92AB735C9009248EC /* HTTPUserDTO.swift */; };
		8B87E5BC2AB74C88009248EC /* MongoAuthenticator.swift in Sources */ = {isa = PBXBuildFile; fileRef = 8B87E5BB2AB74C88009248EC /* MongoAuthenticator.swift */; };
		8B8F81B62ABF2B25006B72CB /* CodeBureau in Frameworks */ = {isa = PBXBuildFile; productRef = 8B8F81B52ABF2B25006B72CB /* CodeBureau */; };
		8B8F81B92ABF3264006B72CB /* URLRequestConfiguration.swift in Sources */ = {isa = PBXBuildFile; fileRef = 8B8F81B82ABF3264006B72CB /* URLRequestConfiguration.swift */; };
		8B8F81BB2ABF32B1006B72CB /* URLSessionTask.swift in Sources */ = {isa = PBXBuildFile; fileRef = 8B8F81BA2ABF32B1006B72CB /* URLSessionTask.swift */; };
		8B8F81BD2ABF437C006B72CB /* URLResponseDecoder.swift in Sources */ = {isa = PBXBuildFile; fileRef = 8B8F81BC2ABF437C006B72CB /* URLResponseDecoder.swift */; };
		8B8F81BF2ABF43A4006B72CB /* URLRequestErrorResolver.swift in Sources */ = {isa = PBXBuildFile; fileRef = 8B8F81BE2ABF43A4006B72CB /* URLRequestErrorResolver.swift */; };
		8B8F81C12ABF43BB006B72CB /* URLRequestMongoErrorResolver.swift in Sources */ = {isa = PBXBuildFile; fileRef = 8B8F81C02ABF43BB006B72CB /* URLRequestMongoErrorResolver.swift */; };
		8B8F81C32ABF43D6006B72CB /* URLRequestLogger.swift in Sources */ = {isa = PBXBuildFile; fileRef = 8B8F81C22ABF43D6006B72CB /* URLRequestLogger.swift */; };
		8B8F81DC2ABF59CD006B72CB /* DataTransferErrorLogger.swift in Sources */ = {isa = PBXBuildFile; fileRef = 8B8F81DA2ABF59CC006B72CB /* DataTransferErrorLogger.swift */; };
		8B8F81DD2ABF59CD006B72CB /* DataTransferErrorResolver.swift in Sources */ = {isa = PBXBuildFile; fileRef = 8B8F81DB2ABF59CC006B72CB /* DataTransferErrorResolver.swift */; };
		8B8F81E02ABFB3DF006B72CB /* URLDataTransfer in Frameworks */ = {isa = PBXBuildFile; productRef = 8B8F81DF2ABFB3DF006B72CB /* URLDataTransfer */; };
		8B8F81E32ABFB82C006B72CB /* Cryptographic in Frameworks */ = {isa = PBXBuildFile; productRef = 8B8F81E22ABFB82C006B72CB /* Cryptographic */; };
		8B935FDD2AD89FB2000268CB /* UIBarButton+View.swift in Sources */ = {isa = PBXBuildFile; fileRef = 8B935FDC2AD89FB2000268CB /* UIBarButton+View.swift */; };
		8B935FE22AD957F3000268CB /* UIView+Visibility.swift in Sources */ = {isa = PBXBuildFile; fileRef = 8B935FE12AD957F3000268CB /* UIView+Visibility.swift */; };
		8B953C1A2AE1360600CF411E /* HTTPUser.swift in Sources */ = {isa = PBXBuildFile; fileRef = 8B953C192AE1360600CF411E /* HTTPUser.swift */; };
		8B953C1C2AE1360D00CF411E /* HTTPProfile.swift in Sources */ = {isa = PBXBuildFile; fileRef = 8B953C1B2AE1360D00CF411E /* HTTPProfile.swift */; };
		8B953C1E2AE1361100CF411E /* HTTPSection.swift in Sources */ = {isa = PBXBuildFile; fileRef = 8B953C1D2AE1361100CF411E /* HTTPSection.swift */; };
		8B953C202AE1361600CF411E /* HTTPMedia.swift in Sources */ = {isa = PBXBuildFile; fileRef = 8B953C1F2AE1361600CF411E /* HTTPMedia.swift */; };
		8B953C222AE1361C00CF411E /* HTTPSeason.swift in Sources */ = {isa = PBXBuildFile; fileRef = 8B953C212AE1361C00CF411E /* HTTPSeason.swift */; };
		8B953C242AE1363700CF411E /* HTTPList.swift in Sources */ = {isa = PBXBuildFile; fileRef = 8B953C232AE1363700CF411E /* HTTPList.swift */; };
		8B953C262AE1367700CF411E /* HTTPRepresentable.swift in Sources */ = {isa = PBXBuildFile; fileRef = 8B953C252AE1367700CF411E /* HTTPRepresentable.swift */; };
		8B953C282AE1421500CF411E /* HTTPServerError.swift in Sources */ = {isa = PBXBuildFile; fileRef = 8B953C272AE1421500CF411E /* HTTPServerError.swift */; };
		8B953C2A2AE1458800CF411E /* ServerError.swift in Sources */ = {isa = PBXBuildFile; fileRef = 8B953C292AE1458800CF411E /* ServerError.swift */; };
		8B953C2C2AE14C8400CF411E /* UserRepository.swift in Sources */ = {isa = PBXBuildFile; fileRef = 8B953C2B2AE14C8400CF411E /* UserRepository.swift */; };
		8B953C2E2AE14C8900CF411E /* UserUseCase.swift in Sources */ = {isa = PBXBuildFile; fileRef = 8B953C2D2AE14C8900CF411E /* UserUseCase.swift */; };
		8B953C302AE1B37D00CF411E /* ProfileRepository.swift in Sources */ = {isa = PBXBuildFile; fileRef = 8B953C2F2AE1B37C00CF411E /* ProfileRepository.swift */; };
		8B953C322AE1B4A900CF411E /* ProfileUseCase.swift in Sources */ = {isa = PBXBuildFile; fileRef = 8B953C312AE1B4A900CF411E /* ProfileUseCase.swift */; };
		8B9E5E8A2AC8BECB003FDC04 /* MongoAuthRequestable.swift in Sources */ = {isa = PBXBuildFile; fileRef = 8B9E5E862AC8BECB003FDC04 /* MongoAuthRequestable.swift */; };
		8B9E5E8B2AC8BECB003FDC04 /* MongoAuthenticable.swift in Sources */ = {isa = PBXBuildFile; fileRef = 8B9E5E872AC8BECB003FDC04 /* MongoAuthenticable.swift */; };
		8B9E5E8C2AC8BECB003FDC04 /* MongoHostProvidable.swift in Sources */ = {isa = PBXBuildFile; fileRef = 8B9E5E882AC8BECB003FDC04 /* MongoHostProvidable.swift */; };
		8B9E5E8D2AC8BECB003FDC04 /* MongoServable.swift in Sources */ = {isa = PBXBuildFile; fileRef = 8B9E5E892AC8BECB003FDC04 /* MongoServable.swift */; };
		8B9E5FE32AD59329003FDC04 /* TextField.swift in Sources */ = {isa = PBXBuildFile; fileRef = 8B9E5FE22AD59329003FDC04 /* TextField.swift */; };
		8BA1348E2AC2293400C50653 /* AuthCoordinator.swift in Sources */ = {isa = PBXBuildFile; fileRef = 8BA1348D2AC2293400C50653 /* AuthCoordinator.swift */; };
		8BA134902AC2293B00C50653 /* AuthViewController.swift in Sources */ = {isa = PBXBuildFile; fileRef = 8BA1348F2AC2293B00C50653 /* AuthViewController.swift */; };
		8BA134922AC2294A00C50653 /* AuthViewModel.swift in Sources */ = {isa = PBXBuildFile; fileRef = 8BA134912AC2294A00C50653 /* AuthViewModel.swift */; };
		8BA134942AC2296800C50653 /* AuthViewController.storyboard in Resources */ = {isa = PBXBuildFile; fileRef = 8BA134932AC2296800C50653 /* AuthViewController.storyboard */; };
		8BA134982AC255D300C50653 /* SignUpViewController.swift in Sources */ = {isa = PBXBuildFile; fileRef = 8BA134972AC255D300C50653 /* SignUpViewController.swift */; };
		8BA1349A2AC255DA00C50653 /* SignUpViewModel.swift in Sources */ = {isa = PBXBuildFile; fileRef = 8BA134992AC255DA00C50653 /* SignUpViewModel.swift */; };
		8BA1349C2AC255E800C50653 /* SignInViewController.swift in Sources */ = {isa = PBXBuildFile; fileRef = 8BA1349B2AC255E800C50653 /* SignInViewController.swift */; };
		8BA1349E2AC255EE00C50653 /* SignInViewModel.swift in Sources */ = {isa = PBXBuildFile; fileRef = 8BA1349D2AC255EE00C50653 /* SignInViewModel.swift */; };
		8BA134A42AC5AB6F00C50653 /* NavigationController.swift in Sources */ = {isa = PBXBuildFile; fileRef = 8BA134A32AC5AB6F00C50653 /* NavigationController.swift */; };
		8BA134A62AC5CA6900C50653 /* Theme.swift in Sources */ = {isa = PBXBuildFile; fileRef = 8BA134A52AC5CA6900C50653 /* Theme.swift */; };
		8BA134A92AC5CAC900C50653 /* UIColor+HEX.swift in Sources */ = {isa = PBXBuildFile; fileRef = 8BA134A82AC5CAC900C50653 /* UIColor+HEX.swift */; };
		8BA134AB2AC6265A00C50653 /* GradientView.swift in Sources */ = {isa = PBXBuildFile; fileRef = 8BA134AA2AC6265A00C50653 /* GradientView.swift */; };
		8BA5210B2AB7715D00DAE2F7 /* ImageService.swift in Sources */ = {isa = PBXBuildFile; fileRef = 8BA5210A2AB7715D00DAE2F7 /* ImageService.swift */; };
		8BB692972AB7B9660076207C /* CoreDataStore.xcdatamodeld in Sources */ = {isa = PBXBuildFile; fileRef = 8BB692952AB7B9660076207C /* CoreDataStore.xcdatamodeld */; };
		8BB692992AB7BD350076207C /* Media.swift in Sources */ = {isa = PBXBuildFile; fileRef = 8BB692982AB7BD350076207C /* Media.swift */; };
		8BB6929B2AB7BD380076207C /* Section.swift in Sources */ = {isa = PBXBuildFile; fileRef = 8BB6929A2AB7BD380076207C /* Section.swift */; };
		8BB6929D2AB7BD630076207C /* List.swift in Sources */ = {isa = PBXBuildFile; fileRef = 8BB6929C2AB7BD630076207C /* List.swift */; };
		8BB6929F2AB7BD780076207C /* ProfileSetting.swift in Sources */ = {isa = PBXBuildFile; fileRef = 8BB6929E2AB7BD780076207C /* ProfileSetting.swift */; };
		8BB692A12AB7BD870076207C /* Episode.swift in Sources */ = {isa = PBXBuildFile; fileRef = 8BB692A02AB7BD870076207C /* Episode.swift */; };
		8BB692A32AB7BD8A0076207C /* Season.swift in Sources */ = {isa = PBXBuildFile; fileRef = 8BB692A22AB7BD8A0076207C /* Season.swift */; };
		8BB692A52AB7BD970076207C /* Trailer.swift in Sources */ = {isa = PBXBuildFile; fileRef = 8BB692A42AB7BD960076207C /* Trailer.swift */; };
		8BB79E6A2AB79A09000E191A /* User.swift in Sources */ = {isa = PBXBuildFile; fileRef = 8BB79E692AB79A09000E191A /* User.swift */; };
		8BD210FE2AB7CEB000030A89 /* UserResponseStore.swift in Sources */ = {isa = PBXBuildFile; fileRef = 8BD210FD2AB7CEB000030A89 /* UserResponseStore.swift */; };
		8BF4DD522AB7A08B00536F7E /* CoreDataService.swift in Sources */ = {isa = PBXBuildFile; fileRef = 8BF4DD512AB7A08B00536F7E /* CoreDataService.swift */; };
		8BF4DD552AB7A61F00536F7E /* ValueTransformer.swift in Sources */ = {isa = PBXBuildFile; fileRef = 8BF4DD542AB7A61F00536F7E /* ValueTransformer.swift */; };
/* End PBXBuildFile section */

/* Begin PBXFileReference section */
		8B049D962ABFC1BC004DC481 /* MongoHostProvider.swift */ = {isa = PBXFileReference; lastKnownFileType = sourcecode.swift; path = MongoHostProvider.swift; sourceTree = "<group>"; };
		8B06BA5A2AD9C51A00DFF745 /* UIViewController+Layout.swift */ = {isa = PBXFileReference; lastKnownFileType = sourcecode.swift; path = "UIViewController+Layout.swift"; sourceTree = "<group>"; };
		8B263A862ABA442500C50D66 /* ServerErrorDTO.swift */ = {isa = PBXFileReference; lastKnownFileType = sourcecode.swift; path = ServerErrorDTO.swift; sourceTree = "<group>"; };
		8B263A882ABA444700C50D66 /* HTTPServerErrorDTO.swift */ = {isa = PBXFileReference; lastKnownFileType = sourcecode.swift; path = HTTPServerErrorDTO.swift; sourceTree = "<group>"; };
		8B46973C2AB7BFFD00CC8131 /* ProfileDTO.swift */ = {isa = PBXFileReference; lastKnownFileType = sourcecode.swift; path = ProfileDTO.swift; sourceTree = "<group>"; };
		8B46973E2AB7C1BE00CC8131 /* SectionDTO.swift */ = {isa = PBXFileReference; lastKnownFileType = sourcecode.swift; path = SectionDTO.swift; sourceTree = "<group>"; };
		8B4697402AB7C1C200CC8131 /* MediaDTO.swift */ = {isa = PBXFileReference; lastKnownFileType = sourcecode.swift; path = MediaDTO.swift; sourceTree = "<group>"; };
		8B4697422AB7C75C00CC8131 /* HTTPMediaDTO.swift */ = {isa = PBXFileReference; lastKnownFileType = sourcecode.swift; path = HTTPMediaDTO.swift; sourceTree = "<group>"; };
		8B4697442AB7C76600CC8131 /* HTTPSectionDTO.swift */ = {isa = PBXFileReference; lastKnownFileType = sourcecode.swift; path = HTTPSectionDTO.swift; sourceTree = "<group>"; };
		8B4697462AB7C76C00CC8131 /* HTTPProfileDTO.swift */ = {isa = PBXFileReference; lastKnownFileType = sourcecode.swift; path = HTTPProfileDTO.swift; sourceTree = "<group>"; };
		8B4697482AB7C79600CC8131 /* EpisodeDTO.swift */ = {isa = PBXFileReference; lastKnownFileType = sourcecode.swift; path = EpisodeDTO.swift; sourceTree = "<group>"; };
		8B46974A2AB7C79A00CC8131 /* SeasonDTO.swift */ = {isa = PBXFileReference; lastKnownFileType = sourcecode.swift; path = SeasonDTO.swift; sourceTree = "<group>"; };
		8B46974C2AB7C7A200CC8131 /* ListDTO.swift */ = {isa = PBXFileReference; lastKnownFileType = sourcecode.swift; path = ListDTO.swift; sourceTree = "<group>"; };
		8B4697502AB7C7BC00CC8131 /* HTTPSeasonDTO.swift */ = {isa = PBXFileReference; lastKnownFileType = sourcecode.swift; path = HTTPSeasonDTO.swift; sourceTree = "<group>"; };
		8B4697522AB7C7C900CC8131 /* HTTPListDTO.swift */ = {isa = PBXFileReference; lastKnownFileType = sourcecode.swift; path = HTTPListDTO.swift; sourceTree = "<group>"; };
		8B64B8C12ADC2B5A00A272C5 /* ViewLifecycleBehavior.swift */ = {isa = PBXFileReference; lastKnownFileType = sourcecode.swift; path = ViewLifecycleBehavior.swift; sourceTree = "<group>"; };
		8B64B8C32ADC648700A272C5 /* ResponseFetcher.swift */ = {isa = PBXFileReference; lastKnownFileType = sourcecode.swift; path = ResponseFetcher.swift; sourceTree = "<group>"; };
		8B64B8C52ADC649100A272C5 /* ResponseFetchable.swift */ = {isa = PBXFileReference; lastKnownFileType = sourcecode.swift; path = ResponseFetchable.swift; sourceTree = "<group>"; };
		8B64B8C72ADC64A200A272C5 /* ResponseSavable.swift */ = {isa = PBXFileReference; lastKnownFileType = sourcecode.swift; path = ResponseSavable.swift; sourceTree = "<group>"; };
		8B64B8C92ADC64A700A272C5 /* ResponseDeletable.swift */ = {isa = PBXFileReference; lastKnownFileType = sourcecode.swift; path = ResponseDeletable.swift; sourceTree = "<group>"; };
		8B64B8CB2ADC64DE00A272C5 /* ResponseSaver.swift */ = {isa = PBXFileReference; lastKnownFileType = sourcecode.swift; path = ResponseSaver.swift; sourceTree = "<group>"; };
		8B64B8CD2ADC650300A272C5 /* ResponseDeleter.swift */ = {isa = PBXFileReference; lastKnownFileType = sourcecode.swift; path = ResponseDeleter.swift; sourceTree = "<group>"; };
		8B64B8D02ADC65F200A272C5 /* NSFetchRequestResult+Mapping.swift */ = {isa = PBXFileReference; lastKnownFileType = sourcecode.swift; path = "NSFetchRequestResult+Mapping.swift"; sourceTree = "<group>"; };
		8B64B8D22ADC661100A272C5 /* ResponsePersistable.swift */ = {isa = PBXFileReference; lastKnownFileType = sourcecode.swift; path = ResponsePersistable.swift; sourceTree = "<group>"; };
		8B64B8D42ADC668700A272C5 /* AuthService.swift */ = {isa = PBXFileReference; lastKnownFileType = sourcecode.swift; path = AuthService.swift; sourceTree = "<group>"; };
		8B64B8D62ADC775E00A272C5 /* CoreDataPersistable.swift */ = {isa = PBXFileReference; lastKnownFileType = sourcecode.swift; path = CoreDataPersistable.swift; sourceTree = "<group>"; };
		8B64B8D82ADC778400A272C5 /* CoreDataValueTransformable.swift */ = {isa = PBXFileReference; lastKnownFileType = sourcecode.swift; path = CoreDataValueTransformable.swift; sourceTree = "<group>"; };
		8B64B8DA2ADC77B000A272C5 /* CoreDataPersistingError.swift */ = {isa = PBXFileReference; lastKnownFileType = sourcecode.swift; path = CoreDataPersistingError.swift; sourceTree = "<group>"; };
		8B64B8DC2ADC792500A272C5 /* ValueTransformerValue.swift */ = {isa = PBXFileReference; lastKnownFileType = sourcecode.swift; path = ValueTransformerValue.swift; sourceTree = "<group>"; };
		8B64B8DF2AE0593300A272C5 /* ProfileViewController.swift */ = {isa = PBXFileReference; lastKnownFileType = sourcecode.swift; path = ProfileViewController.swift; sourceTree = "<group>"; };
		8B64B8E12AE0593E00A272C5 /* ProfileViewModel.swift */ = {isa = PBXFileReference; lastKnownFileType = sourcecode.swift; path = ProfileViewModel.swift; sourceTree = "<group>"; };
		8B64B8E52AE05EAD00A272C5 /* ProfileCoordinator.swift */ = {isa = PBXFileReference; lastKnownFileType = sourcecode.swift; path = ProfileCoordinator.swift; sourceTree = "<group>"; };
		8B64B8E72AE05F5200A272C5 /* ProfileViewController.storyboard */ = {isa = PBXFileReference; lastKnownFileType = file.storyboard; path = ProfileViewController.storyboard; sourceTree = "<group>"; };
		8B64B8ED2AE0614D00A272C5 /* EditProfileViewController.swift */ = {isa = PBXFileReference; lastKnownFileType = sourcecode.swift; path = EditProfileViewController.swift; sourceTree = "<group>"; };
		8B64B8EF2AE0616200A272C5 /* AddProfileViewController.swift */ = {isa = PBXFileReference; lastKnownFileType = sourcecode.swift; path = AddProfileViewController.swift; sourceTree = "<group>"; };
		8B64B8F12AE0618F00A272C5 /* AddProfileViewModel.swift */ = {isa = PBXFileReference; lastKnownFileType = sourcecode.swift; path = AddProfileViewModel.swift; sourceTree = "<group>"; };
		8B64B8F32AE0619600A272C5 /* EditProfileViewModel.swift */ = {isa = PBXFileReference; lastKnownFileType = sourcecode.swift; path = EditProfileViewModel.swift; sourceTree = "<group>"; };
		8B6BA72C2ADBF9B900B7FD8A /* BorderedButton.swift */ = {isa = PBXFileReference; lastKnownFileType = sourcecode.swift; path = BorderedButton.swift; sourceTree = "<group>"; };
		8B87E5282AB408A0009248EC /* clean-mvvmc-master.app */ = {isa = PBXFileReference; explicitFileType = wrapper.application; includeInIndex = 0; path = "clean-mvvmc-master.app"; sourceTree = BUILT_PRODUCTS_DIR; };
		8B87E52B2AB408A0009248EC /* AppDelegate.swift */ = {isa = PBXFileReference; lastKnownFileType = sourcecode.swift; path = AppDelegate.swift; sourceTree = "<group>"; };
		8B87E52D2AB408A0009248EC /* SceneDelegate.swift */ = {isa = PBXFileReference; lastKnownFileType = sourcecode.swift; path = SceneDelegate.swift; sourceTree = "<group>"; };
		8B87E5342AB408A1009248EC /* Assets.xcassets */ = {isa = PBXFileReference; lastKnownFileType = folder.assetcatalog; path = Assets.xcassets; sourceTree = "<group>"; };
		8B87E5372AB408A1009248EC /* Base */ = {isa = PBXFileReference; lastKnownFileType = file.storyboard; name = Base; path = Base.lproj/LaunchScreen.storyboard; sourceTree = "<group>"; };
		8B87E5392AB408A1009248EC /* Info.plist */ = {isa = PBXFileReference; lastKnownFileType = text.plist.xml; path = Info.plist; sourceTree = "<group>"; };
		8B87E5422AB4096B009248EC /* Application.swift */ = {isa = PBXFileReference; lastKnownFileType = sourcecode.swift; path = Application.swift; sourceTree = "<group>"; };
		8B87E5442AB40978009248EC /* AppCoordinator.swift */ = {isa = PBXFileReference; lastKnownFileType = sourcecode.swift; path = AppCoordinator.swift; sourceTree = "<group>"; };
		8B87E55F2AB40A1F009248EC /* TabBarCoordinator.swift */ = {isa = PBXFileReference; lastKnownFileType = sourcecode.swift; path = TabBarCoordinator.swift; sourceTree = "<group>"; };
		8B87E5612AB40A26009248EC /* TabBarViewModel.swift */ = {isa = PBXFileReference; lastKnownFileType = sourcecode.swift; path = TabBarViewModel.swift; sourceTree = "<group>"; };
		8B87E5632AB40A2B009248EC /* TabBarController.swift */ = {isa = PBXFileReference; lastKnownFileType = sourcecode.swift; path = TabBarController.swift; sourceTree = "<group>"; };
		8B87E5652AB40A3E009248EC /* TabBarController.storyboard */ = {isa = PBXFileReference; lastKnownFileType = file.storyboard; path = TabBarController.storyboard; sourceTree = "<group>"; };
		8B87E5672AB40A61009248EC /* AlphaViewModel.swift */ = {isa = PBXFileReference; lastKnownFileType = sourcecode.swift; path = AlphaViewModel.swift; sourceTree = "<group>"; };
		8B87E5692AB40A66009248EC /* AlphaViewController.swift */ = {isa = PBXFileReference; lastKnownFileType = sourcecode.swift; path = AlphaViewController.swift; sourceTree = "<group>"; };
		8B87E56B2AB40A6B009248EC /* BetaViewModel.swift */ = {isa = PBXFileReference; lastKnownFileType = sourcecode.swift; path = BetaViewModel.swift; sourceTree = "<group>"; };
		8B87E56D2AB40A6F009248EC /* BetaViewController.swift */ = {isa = PBXFileReference; lastKnownFileType = sourcecode.swift; path = BetaViewController.swift; sourceTree = "<group>"; };
		8B87E56F2AB40A74009248EC /* GammaViewModel.swift */ = {isa = PBXFileReference; lastKnownFileType = sourcecode.swift; path = GammaViewModel.swift; sourceTree = "<group>"; };
		8B87E5712AB40A79009248EC /* GammaViewController.swift */ = {isa = PBXFileReference; lastKnownFileType = sourcecode.swift; path = GammaViewController.swift; sourceTree = "<group>"; };
		8B87E5742AB40A8E009248EC /* CustomView.swift */ = {isa = PBXFileReference; lastKnownFileType = sourcecode.swift; path = CustomView.swift; sourceTree = "<group>"; };
		8B87E5762AB40A92009248EC /* CustomViewModel.swift */ = {isa = PBXFileReference; lastKnownFileType = sourcecode.swift; path = CustomViewModel.swift; sourceTree = "<group>"; };
		8B87E5782AB40A97009248EC /* CustomView.xib */ = {isa = PBXFileReference; lastKnownFileType = file.xib; path = CustomView.xib; sourceTree = "<group>"; };
		8B87E57C2AB40AB7009248EC /* DeltaViewModel.swift */ = {isa = PBXFileReference; lastKnownFileType = sourcecode.swift; path = DeltaViewModel.swift; sourceTree = "<group>"; };
		8B87E57E2AB40ABC009248EC /* DeltaViewController.swift */ = {isa = PBXFileReference; lastKnownFileType = sourcecode.swift; path = DeltaViewController.swift; sourceTree = "<group>"; };
		8B87E5802AB40AC1009248EC /* OmegaViewModel.swift */ = {isa = PBXFileReference; lastKnownFileType = sourcecode.swift; path = OmegaViewModel.swift; sourceTree = "<group>"; };
		8B87E5822AB40AC7009248EC /* OmegaViewController.swift */ = {isa = PBXFileReference; lastKnownFileType = sourcecode.swift; path = OmegaViewController.swift; sourceTree = "<group>"; };
		8B87E5902AB40B28009248EC /* View+Instantiable.swift */ = {isa = PBXFileReference; lastKnownFileType = sourcecode.swift; path = "View+Instantiable.swift"; sourceTree = "<group>"; };
		8B87E5922AB40B40009248EC /* UIViewController+Storyboard.swift */ = {isa = PBXFileReference; lastKnownFileType = sourcecode.swift; path = "UIViewController+Storyboard.swift"; sourceTree = "<group>"; };
		8B87E5942AB40B4E009248EC /* Profile.swift */ = {isa = PBXFileReference; lastKnownFileType = sourcecode.swift; path = Profile.swift; sourceTree = "<group>"; };
		8B87E5962AB480A0009248EC /* DeltaViewController.storyboard */ = {isa = PBXFileReference; lastKnownFileType = file.storyboard; path = DeltaViewController.storyboard; sourceTree = "<group>"; };
		8B87E5982AB483E2009248EC /* OmegaViewController.storyboard */ = {isa = PBXFileReference; lastKnownFileType = file.storyboard; path = OmegaViewController.storyboard; sourceTree = "<group>"; };
		8B87E59D2AB53A45009248EC /* MongoServer.swift */ = {isa = PBXFileReference; lastKnownFileType = sourcecode.swift; path = MongoServer.swift; sourceTree = "<group>"; };
		8B87E59F2AB544C8009248EC /* Endpoint.swift */ = {isa = PBXFileReference; lastKnownFileType = sourcecode.swift; path = Endpoint.swift; sourceTree = "<group>"; };
		8B87E5A12AB5CE0C009248EC /* URLService.swift */ = {isa = PBXFileReference; lastKnownFileType = sourcecode.swift; path = URLService.swift; sourceTree = "<group>"; };
		8B87E5A52AB6767E009248EC /* DataTransferService.swift */ = {isa = PBXFileReference; lastKnownFileType = sourcecode.swift; path = DataTransferService.swift; sourceTree = "<group>"; };
		8B87E5A82AB693D9009248EC /* Repository.swift */ = {isa = PBXFileReference; lastKnownFileType = sourcecode.swift; path = Repository.swift; sourceTree = "<group>"; };
		8B87E5AA2AB693DD009248EC /* UseCase.swift */ = {isa = PBXFileReference; lastKnownFileType = sourcecode.swift; path = UseCase.swift; sourceTree = "<group>"; };
		8B87E5AE2AB697C0009248EC /* AuthRepository.swift */ = {isa = PBXFileReference; lastKnownFileType = sourcecode.swift; path = AuthRepository.swift; sourceTree = "<group>"; };
		8B87E5B02AB697C5009248EC /* AuthUseCase.swift */ = {isa = PBXFileReference; lastKnownFileType = sourcecode.swift; path = AuthUseCase.swift; sourceTree = "<group>"; };
		8B87E5B42AB73555009248EC /* UserDTO.swift */ = {isa = PBXFileReference; lastKnownFileType = sourcecode.swift; path = UserDTO.swift; sourceTree = "<group>"; };
		8B87E5B92AB735C9009248EC /* HTTPUserDTO.swift */ = {isa = PBXFileReference; lastKnownFileType = sourcecode.swift; path = HTTPUserDTO.swift; sourceTree = "<group>"; };
		8B87E5BB2AB74C88009248EC /* MongoAuthenticator.swift */ = {isa = PBXFileReference; lastKnownFileType = sourcecode.swift; path = MongoAuthenticator.swift; sourceTree = "<group>"; };
		8B8F81B82ABF3264006B72CB /* URLRequestConfiguration.swift */ = {isa = PBXFileReference; lastKnownFileType = sourcecode.swift; path = URLRequestConfiguration.swift; sourceTree = "<group>"; };
		8B8F81BA2ABF32B1006B72CB /* URLSessionTask.swift */ = {isa = PBXFileReference; lastKnownFileType = sourcecode.swift; path = URLSessionTask.swift; sourceTree = "<group>"; };
		8B8F81BC2ABF437C006B72CB /* URLResponseDecoder.swift */ = {isa = PBXFileReference; lastKnownFileType = sourcecode.swift; path = URLResponseDecoder.swift; sourceTree = "<group>"; };
		8B8F81BE2ABF43A4006B72CB /* URLRequestErrorResolver.swift */ = {isa = PBXFileReference; lastKnownFileType = sourcecode.swift; path = URLRequestErrorResolver.swift; sourceTree = "<group>"; };
		8B8F81C02ABF43BB006B72CB /* URLRequestMongoErrorResolver.swift */ = {isa = PBXFileReference; lastKnownFileType = sourcecode.swift; path = URLRequestMongoErrorResolver.swift; sourceTree = "<group>"; };
		8B8F81C22ABF43D6006B72CB /* URLRequestLogger.swift */ = {isa = PBXFileReference; lastKnownFileType = sourcecode.swift; path = URLRequestLogger.swift; sourceTree = "<group>"; };
		8B8F81DA2ABF59CC006B72CB /* DataTransferErrorLogger.swift */ = {isa = PBXFileReference; fileEncoding = 4; lastKnownFileType = sourcecode.swift; path = DataTransferErrorLogger.swift; sourceTree = "<group>"; };
		8B8F81DB2ABF59CC006B72CB /* DataTransferErrorResolver.swift */ = {isa = PBXFileReference; fileEncoding = 4; lastKnownFileType = sourcecode.swift; path = DataTransferErrorResolver.swift; sourceTree = "<group>"; };
		8B935FDC2AD89FB2000268CB /* UIBarButton+View.swift */ = {isa = PBXFileReference; lastKnownFileType = sourcecode.swift; path = "UIBarButton+View.swift"; sourceTree = "<group>"; };
		8B935FE12AD957F3000268CB /* UIView+Visibility.swift */ = {isa = PBXFileReference; lastKnownFileType = sourcecode.swift; path = "UIView+Visibility.swift"; sourceTree = "<group>"; };
		8B953C192AE1360600CF411E /* HTTPUser.swift */ = {isa = PBXFileReference; lastKnownFileType = sourcecode.swift; path = HTTPUser.swift; sourceTree = "<group>"; };
		8B953C1B2AE1360D00CF411E /* HTTPProfile.swift */ = {isa = PBXFileReference; lastKnownFileType = sourcecode.swift; path = HTTPProfile.swift; sourceTree = "<group>"; };
		8B953C1D2AE1361100CF411E /* HTTPSection.swift */ = {isa = PBXFileReference; lastKnownFileType = sourcecode.swift; path = HTTPSection.swift; sourceTree = "<group>"; };
		8B953C1F2AE1361600CF411E /* HTTPMedia.swift */ = {isa = PBXFileReference; lastKnownFileType = sourcecode.swift; path = HTTPMedia.swift; sourceTree = "<group>"; };
		8B953C212AE1361C00CF411E /* HTTPSeason.swift */ = {isa = PBXFileReference; lastKnownFileType = sourcecode.swift; path = HTTPSeason.swift; sourceTree = "<group>"; };
		8B953C232AE1363700CF411E /* HTTPList.swift */ = {isa = PBXFileReference; lastKnownFileType = sourcecode.swift; path = HTTPList.swift; sourceTree = "<group>"; };
		8B953C252AE1367700CF411E /* HTTPRepresentable.swift */ = {isa = PBXFileReference; lastKnownFileType = sourcecode.swift; path = HTTPRepresentable.swift; sourceTree = "<group>"; };
		8B953C272AE1421500CF411E /* HTTPServerError.swift */ = {isa = PBXFileReference; lastKnownFileType = sourcecode.swift; path = HTTPServerError.swift; sourceTree = "<group>"; };
		8B953C292AE1458800CF411E /* ServerError.swift */ = {isa = PBXFileReference; lastKnownFileType = sourcecode.swift; path = ServerError.swift; sourceTree = "<group>"; };
		8B953C2B2AE14C8400CF411E /* UserRepository.swift */ = {isa = PBXFileReference; lastKnownFileType = sourcecode.swift; path = UserRepository.swift; sourceTree = "<group>"; };
		8B953C2D2AE14C8900CF411E /* UserUseCase.swift */ = {isa = PBXFileReference; lastKnownFileType = sourcecode.swift; path = UserUseCase.swift; sourceTree = "<group>"; };
		8B953C2F2AE1B37C00CF411E /* ProfileRepository.swift */ = {isa = PBXFileReference; lastKnownFileType = sourcecode.swift; path = ProfileRepository.swift; sourceTree = "<group>"; };
		8B953C312AE1B4A900CF411E /* ProfileUseCase.swift */ = {isa = PBXFileReference; lastKnownFileType = sourcecode.swift; path = ProfileUseCase.swift; sourceTree = "<group>"; };
		8B9E5E862AC8BECB003FDC04 /* MongoAuthRequestable.swift */ = {isa = PBXFileReference; fileEncoding = 4; lastKnownFileType = sourcecode.swift; path = MongoAuthRequestable.swift; sourceTree = "<group>"; };
		8B9E5E872AC8BECB003FDC04 /* MongoAuthenticable.swift */ = {isa = PBXFileReference; fileEncoding = 4; lastKnownFileType = sourcecode.swift; path = MongoAuthenticable.swift; sourceTree = "<group>"; };
		8B9E5E882AC8BECB003FDC04 /* MongoHostProvidable.swift */ = {isa = PBXFileReference; fileEncoding = 4; lastKnownFileType = sourcecode.swift; path = MongoHostProvidable.swift; sourceTree = "<group>"; };
		8B9E5E892AC8BECB003FDC04 /* MongoServable.swift */ = {isa = PBXFileReference; fileEncoding = 4; lastKnownFileType = sourcecode.swift; path = MongoServable.swift; sourceTree = "<group>"; };
		8B9E5FE22AD59329003FDC04 /* TextField.swift */ = {isa = PBXFileReference; lastKnownFileType = sourcecode.swift; path = TextField.swift; sourceTree = "<group>"; };
		8BA1348D2AC2293400C50653 /* AuthCoordinator.swift */ = {isa = PBXFileReference; lastKnownFileType = sourcecode.swift; path = AuthCoordinator.swift; sourceTree = "<group>"; };
		8BA1348F2AC2293B00C50653 /* AuthViewController.swift */ = {isa = PBXFileReference; lastKnownFileType = sourcecode.swift; path = AuthViewController.swift; sourceTree = "<group>"; };
		8BA134912AC2294A00C50653 /* AuthViewModel.swift */ = {isa = PBXFileReference; lastKnownFileType = sourcecode.swift; path = AuthViewModel.swift; sourceTree = "<group>"; };
		8BA134932AC2296800C50653 /* AuthViewController.storyboard */ = {isa = PBXFileReference; lastKnownFileType = file.storyboard; path = AuthViewController.storyboard; sourceTree = "<group>"; };
		8BA134972AC255D300C50653 /* SignUpViewController.swift */ = {isa = PBXFileReference; lastKnownFileType = sourcecode.swift; path = SignUpViewController.swift; sourceTree = "<group>"; };
		8BA134992AC255DA00C50653 /* SignUpViewModel.swift */ = {isa = PBXFileReference; lastKnownFileType = sourcecode.swift; path = SignUpViewModel.swift; sourceTree = "<group>"; };
		8BA1349B2AC255E800C50653 /* SignInViewController.swift */ = {isa = PBXFileReference; lastKnownFileType = sourcecode.swift; path = SignInViewController.swift; sourceTree = "<group>"; };
		8BA1349D2AC255EE00C50653 /* SignInViewModel.swift */ = {isa = PBXFileReference; lastKnownFileType = sourcecode.swift; path = SignInViewModel.swift; sourceTree = "<group>"; };
		8BA134A32AC5AB6F00C50653 /* NavigationController.swift */ = {isa = PBXFileReference; lastKnownFileType = sourcecode.swift; path = NavigationController.swift; sourceTree = "<group>"; };
		8BA134A52AC5CA6900C50653 /* Theme.swift */ = {isa = PBXFileReference; lastKnownFileType = sourcecode.swift; path = Theme.swift; sourceTree = "<group>"; };
		8BA134A82AC5CAC900C50653 /* UIColor+HEX.swift */ = {isa = PBXFileReference; lastKnownFileType = sourcecode.swift; path = "UIColor+HEX.swift"; sourceTree = "<group>"; };
		8BA134AA2AC6265A00C50653 /* GradientView.swift */ = {isa = PBXFileReference; lastKnownFileType = sourcecode.swift; path = GradientView.swift; sourceTree = "<group>"; };
		8BA5210A2AB7715D00DAE2F7 /* ImageService.swift */ = {isa = PBXFileReference; lastKnownFileType = sourcecode.swift; path = ImageService.swift; sourceTree = "<group>"; };
		8BB692962AB7B9660076207C /* CoreDataStore.xcdatamodel */ = {isa = PBXFileReference; lastKnownFileType = wrapper.xcdatamodel; path = CoreDataStore.xcdatamodel; sourceTree = "<group>"; };
		8BB692982AB7BD350076207C /* Media.swift */ = {isa = PBXFileReference; lastKnownFileType = sourcecode.swift; path = Media.swift; sourceTree = "<group>"; };
		8BB6929A2AB7BD380076207C /* Section.swift */ = {isa = PBXFileReference; lastKnownFileType = sourcecode.swift; path = Section.swift; sourceTree = "<group>"; };
		8BB6929C2AB7BD630076207C /* List.swift */ = {isa = PBXFileReference; lastKnownFileType = sourcecode.swift; path = List.swift; sourceTree = "<group>"; };
		8BB6929E2AB7BD780076207C /* ProfileSetting.swift */ = {isa = PBXFileReference; lastKnownFileType = sourcecode.swift; path = ProfileSetting.swift; sourceTree = "<group>"; };
		8BB692A02AB7BD870076207C /* Episode.swift */ = {isa = PBXFileReference; lastKnownFileType = sourcecode.swift; path = Episode.swift; sourceTree = "<group>"; };
		8BB692A22AB7BD8A0076207C /* Season.swift */ = {isa = PBXFileReference; lastKnownFileType = sourcecode.swift; path = Season.swift; sourceTree = "<group>"; };
		8BB692A42AB7BD960076207C /* Trailer.swift */ = {isa = PBXFileReference; lastKnownFileType = sourcecode.swift; path = Trailer.swift; sourceTree = "<group>"; };
		8BB79E692AB79A09000E191A /* User.swift */ = {isa = PBXFileReference; lastKnownFileType = sourcecode.swift; path = User.swift; sourceTree = "<group>"; };
		8BD210FD2AB7CEB000030A89 /* UserResponseStore.swift */ = {isa = PBXFileReference; lastKnownFileType = sourcecode.swift; path = UserResponseStore.swift; sourceTree = "<group>"; };
		8BF4DD512AB7A08B00536F7E /* CoreDataService.swift */ = {isa = PBXFileReference; lastKnownFileType = sourcecode.swift; path = CoreDataService.swift; sourceTree = "<group>"; };
		8BF4DD542AB7A61F00536F7E /* ValueTransformer.swift */ = {isa = PBXFileReference; lastKnownFileType = sourcecode.swift; path = ValueTransformer.swift; sourceTree = "<group>"; };
/* End PBXFileReference section */

/* Begin PBXFrameworksBuildPhase section */
		8B87E5252AB408A0009248EC /* Frameworks */ = {
			isa = PBXFrameworksBuildPhase;
			buildActionMask = 2147483647;
			files = (
				8B8F81B62ABF2B25006B72CB /* CodeBureau in Frameworks */,
				8B049D952ABFC072004DC481 /* MongoDB in Frameworks */,
				8B8F81E02ABFB3DF006B72CB /* URLDataTransfer in Frameworks */,
				8B8F81E32ABFB82C006B72CB /* Cryptographic in Frameworks */,
			);
			runOnlyForDeploymentPostprocessing = 0;
		};
/* End PBXFrameworksBuildPhase section */

/* Begin PBXGroup section */
		8B049D982ABFC1FA004DC481 /* MongoService */ = {
			isa = PBXGroup;
			children = (
				8B9E5E872AC8BECB003FDC04 /* MongoAuthenticable.swift */,
				8B9E5E862AC8BECB003FDC04 /* MongoAuthRequestable.swift */,
				8B9E5E882AC8BECB003FDC04 /* MongoHostProvidable.swift */,
				8B9E5E892AC8BECB003FDC04 /* MongoServable.swift */,
				8B87E59D2AB53A45009248EC /* MongoServer.swift */,
				8B049D962ABFC1BC004DC481 /* MongoHostProvider.swift */,
				8B87E5BB2AB74C88009248EC /* MongoAuthenticator.swift */,
			);
			path = MongoService;
			sourceTree = "<group>";
		};
		8B23AD762AB7824E0008EECC /* Services */ = {
			isa = PBXGroup;
			children = (
				8B8F81B72ABF3247006B72CB /* URLDataTransfer */,
				8B049D982ABFC1FA004DC481 /* MongoService */,
				8BA5210A2AB7715D00DAE2F7 /* ImageService.swift */,
				8B64B8D42ADC668700A272C5 /* AuthService.swift */,
			);
			path = Services;
			sourceTree = "<group>";
		};
		8B64B8CF2ADC65D300A272C5 /* CoreData */ = {
			isa = PBXGroup;
			children = (
				8B64B8D02ADC65F200A272C5 /* NSFetchRequestResult+Mapping.swift */,
			);
			path = CoreData;
			sourceTree = "<group>";
		};
		8B64B8DE2AE0591500A272C5 /* Profile */ = {
			isa = PBXGroup;
			children = (
				8B64B8E52AE05EAD00A272C5 /* ProfileCoordinator.swift */,
				8B64B8E12AE0593E00A272C5 /* ProfileViewModel.swift */,
				8B64B8DF2AE0593300A272C5 /* ProfileViewController.swift */,
				8B64B8E72AE05F5200A272C5 /* ProfileViewController.storyboard */,
				8B64B8E92AE0611900A272C5 /* Add Profile */,
				8B64B8EA2AE0612000A272C5 /* Edit Profile */,
			);
			path = Profile;
			sourceTree = "<group>";
		};
		8B64B8E92AE0611900A272C5 /* Add Profile */ = {
			isa = PBXGroup;
			children = (
				8B64B8F12AE0618F00A272C5 /* AddProfileViewModel.swift */,
				8B64B8EF2AE0616200A272C5 /* AddProfileViewController.swift */,
			);
			path = "Add Profile";
			sourceTree = "<group>";
		};
		8B64B8EA2AE0612000A272C5 /* Edit Profile */ = {
			isa = PBXGroup;
			children = (
				8B64B8F32AE0619600A272C5 /* EditProfileViewModel.swift */,
				8B64B8ED2AE0614D00A272C5 /* EditProfileViewController.swift */,
			);
			path = "Edit Profile";
			sourceTree = "<group>";
		};
		8B87E51F2AB408A0009248EC = {
			isa = PBXGroup;
			children = (
				8B87E52A2AB408A0009248EC /* clean-mvvmc-master */,
				8B87E5292AB408A0009248EC /* Products */,
			);
			sourceTree = "<group>";
		};
		8B87E5292AB408A0009248EC /* Products */ = {
			isa = PBXGroup;
			children = (
				8B87E5282AB408A0009248EC /* clean-mvvmc-master.app */,
			);
			name = Products;
			sourceTree = "<group>";
		};
		8B87E52A2AB408A0009248EC /* clean-mvvmc-master */ = {
			isa = PBXGroup;
			children = (
				8B87E5B22AB7329E009248EC /* Application */,
				8B87E5842AB40AD0009248EC /* Domain */,
				8B87E5852AB40AD6009248EC /* Data */,
				8B87E58C2AB40B05009248EC /* Support */,
				8B87E53F2AB40933009248EC /* Resources */,
			);
			path = "clean-mvvmc-master";
			sourceTree = "<group>";
		};
		8B87E53F2AB40933009248EC /* Resources */ = {
			isa = PBXGroup;
			children = (
				8B87E5342AB408A1009248EC /* Assets.xcassets */,
				8B87E5362AB408A1009248EC /* LaunchScreen.storyboard */,
				8B87E5392AB408A1009248EC /* Info.plist */,
			);
			path = Resources;
			sourceTree = "<group>";
		};
		8B87E5402AB4094B009248EC /* Entry */ = {
			isa = PBXGroup;
			children = (
				8B87E52D2AB408A0009248EC /* SceneDelegate.swift */,
				8B87E52B2AB408A0009248EC /* AppDelegate.swift */,
				8B87E5422AB4096B009248EC /* Application.swift */,
				8B87E5442AB40978009248EC /* AppCoordinator.swift */,
			);
			path = Entry;
			sourceTree = "<group>";
		};
		8B87E5462AB4097F009248EC /* View-ViewModel */ = {
			isa = PBXGroup;
			children = (
				8B87E5472AB4098C009248EC /* Utilities */,
				8B87E55A2AB409E9009248EC /* Scenes */,
			);
			path = "View-ViewModel";
			sourceTree = "<group>";
		};
		8B87E5472AB4098C009248EC /* Utilities */ = {
			isa = PBXGroup;
			children = (
				8BA134AA2AC6265A00C50653 /* GradientView.swift */,
				8BA134A32AC5AB6F00C50653 /* NavigationController.swift */,
				8B9E5FE22AD59329003FDC04 /* TextField.swift */,
				8BA134A52AC5CA6900C50653 /* Theme.swift */,
				8B6BA72C2ADBF9B900B7FD8A /* BorderedButton.swift */,
				8B64B8C12ADC2B5A00A272C5 /* ViewLifecycleBehavior.swift */,
				8B953C252AE1367700CF411E /* HTTPRepresentable.swift */,
			);
			path = Utilities;
			sourceTree = "<group>";
		};
		8B87E55A2AB409E9009248EC /* Scenes */ = {
			isa = PBXGroup;
			children = (
				8BA1348C2AC2291300C50653 /* Auth */,
				8B64B8DE2AE0591500A272C5 /* Profile */,
				8B87E55B2AB409F0009248EC /* TabBar */,
				8B87E57A2AB40AA2009248EC /* Delta */,
				8B87E57B2AB40AA6009248EC /* Omega */,
			);
			path = Scenes;
			sourceTree = "<group>";
		};
		8B87E55B2AB409F0009248EC /* TabBar */ = {
			isa = PBXGroup;
			children = (
				8B87E55F2AB40A1F009248EC /* TabBarCoordinator.swift */,
				8B87E5612AB40A26009248EC /* TabBarViewModel.swift */,
				8B87E5632AB40A2B009248EC /* TabBarController.swift */,
				8B87E5652AB40A3E009248EC /* TabBarController.storyboard */,
				8B87E55C2AB409F5009248EC /* 000 - Alpha */,
				8B87E55D2AB40A09009248EC /* 001 - Beta */,
				8B87E55E2AB40A0F009248EC /* 002 - Gamma */,
			);
			path = TabBar;
			sourceTree = "<group>";
		};
		8B87E55C2AB409F5009248EC /* 000 - Alpha */ = {
			isa = PBXGroup;
			children = (
				8B87E5672AB40A61009248EC /* AlphaViewModel.swift */,
				8B87E5692AB40A66009248EC /* AlphaViewController.swift */,
				8B87E5732AB40A7E009248EC /* CustomView */,
			);
			path = "000 - Alpha";
			sourceTree = "<group>";
		};
		8B87E55D2AB40A09009248EC /* 001 - Beta */ = {
			isa = PBXGroup;
			children = (
				8B87E56B2AB40A6B009248EC /* BetaViewModel.swift */,
				8B87E56D2AB40A6F009248EC /* BetaViewController.swift */,
			);
			path = "001 - Beta";
			sourceTree = "<group>";
		};
		8B87E55E2AB40A0F009248EC /* 002 - Gamma */ = {
			isa = PBXGroup;
			children = (
				8B87E56F2AB40A74009248EC /* GammaViewModel.swift */,
				8B87E5712AB40A79009248EC /* GammaViewController.swift */,
			);
			path = "002 - Gamma";
			sourceTree = "<group>";
		};
		8B87E5732AB40A7E009248EC /* CustomView */ = {
			isa = PBXGroup;
			children = (
				8B87E5742AB40A8E009248EC /* CustomView.swift */,
				8B87E5762AB40A92009248EC /* CustomViewModel.swift */,
				8B87E5782AB40A97009248EC /* CustomView.xib */,
			);
			path = CustomView;
			sourceTree = "<group>";
		};
		8B87E57A2AB40AA2009248EC /* Delta */ = {
			isa = PBXGroup;
			children = (
				8B87E57C2AB40AB7009248EC /* DeltaViewModel.swift */,
				8B87E57E2AB40ABC009248EC /* DeltaViewController.swift */,
				8B87E5962AB480A0009248EC /* DeltaViewController.storyboard */,
			);
			path = Delta;
			sourceTree = "<group>";
		};
		8B87E57B2AB40AA6009248EC /* Omega */ = {
			isa = PBXGroup;
			children = (
				8B87E5802AB40AC1009248EC /* OmegaViewModel.swift */,
				8B87E5822AB40AC7009248EC /* OmegaViewController.swift */,
				8B87E5982AB483E2009248EC /* OmegaViewController.storyboard */,
			);
			path = Omega;
			sourceTree = "<group>";
		};
		8B87E5842AB40AD0009248EC /* Domain */ = {
			isa = PBXGroup;
			children = (
				8B87E5882AB40AEB009248EC /* Models */,
				8B87E5A82AB693D9009248EC /* Repository.swift */,
				8B87E5AA2AB693DD009248EC /* UseCase.swift */,
			);
			path = Domain;
			sourceTree = "<group>";
		};
		8B87E5852AB40AD6009248EC /* Data */ = {
			isa = PBXGroup;
			children = (
				8B87E58B2AB40AFD009248EC /* Network */,
				8B87E58A2AB40AF8009248EC /* Persistent Stores */,
				8B87E5892AB40AF3009248EC /* Data Sources */,
			);
			path = Data;
			sourceTree = "<group>";
		};
		8B87E5882AB40AEB009248EC /* Models */ = {
			isa = PBXGroup;
			children = (
				8B953C182AE135E500CF411E /* HTTP */,
				8BB79E692AB79A09000E191A /* User.swift */,
				8B87E5942AB40B4E009248EC /* Profile.swift */,
				8BB6929E2AB7BD780076207C /* ProfileSetting.swift */,
				8BB6929A2AB7BD380076207C /* Section.swift */,
				8BB692982AB7BD350076207C /* Media.swift */,
				8BB692A22AB7BD8A0076207C /* Season.swift */,
				8BB692A02AB7BD870076207C /* Episode.swift */,
				8BB692A42AB7BD960076207C /* Trailer.swift */,
				8BB6929C2AB7BD630076207C /* List.swift */,
				8B953C292AE1458800CF411E /* ServerError.swift */,
			);
			path = Models;
			sourceTree = "<group>";
		};
		8B87E5892AB40AF3009248EC /* Data Sources */ = {
			isa = PBXGroup;
			children = (
			);
			path = "Data Sources";
			sourceTree = "<group>";
		};
		8B87E58A2AB40AF8009248EC /* Persistent Stores */ = {
			isa = PBXGroup;
			children = (
				8BB79E6B2AB79E51000E191A /* Services */,
				8BF4DD532AB7A56400536F7E /* Stores */,
			);
			path = "Persistent Stores";
			sourceTree = "<group>";
		};
		8B87E58B2AB40AFD009248EC /* Network */ = {
			isa = PBXGroup;
			children = (
				8B87E5B32AB73538009248EC /* Models */,
				8B87E5AC2AB6973B009248EC /* Repositories */,
				8B87E5AD2AB69741009248EC /* Use Cases */,
				8B23AD762AB7824E0008EECC /* Services */,
			);
			path = Network;
			sourceTree = "<group>";
		};
		8B87E58C2AB40B05009248EC /* Support */ = {
			isa = PBXGroup;
			children = (
				8B87E58D2AB40B0D009248EC /* Extensions */,
			);
			path = Support;
			sourceTree = "<group>";
		};
		8B87E58D2AB40B0D009248EC /* Extensions */ = {
			isa = PBXGroup;
			children = (
				8B64B8CF2ADC65D300A272C5 /* CoreData */,
				8BA134A72AC5CA8B00C50653 /* UIColor */,
				8B935FDB2AD89F8A000268CB /* UIBarButton */,
				8B935FE02AD957DB000268CB /* UIView */,
				8B87E58F2AB40B15009248EC /* UIViewController */,
				8B87E58E2AB40B11009248EC /* View */,
			);
			path = Extensions;
			sourceTree = "<group>";
		};
		8B87E58E2AB40B11009248EC /* View */ = {
			isa = PBXGroup;
			children = (
				8B87E5902AB40B28009248EC /* View+Instantiable.swift */,
			);
			path = View;
			sourceTree = "<group>";
		};
		8B87E58F2AB40B15009248EC /* UIViewController */ = {
			isa = PBXGroup;
			children = (
				8B87E5922AB40B40009248EC /* UIViewController+Storyboard.swift */,
				8B06BA5A2AD9C51A00DFF745 /* UIViewController+Layout.swift */,
			);
			path = UIViewController;
			sourceTree = "<group>";
		};
		8B87E5AC2AB6973B009248EC /* Repositories */ = {
			isa = PBXGroup;
			children = (
				8B87E5AE2AB697C0009248EC /* AuthRepository.swift */,
				8B953C2B2AE14C8400CF411E /* UserRepository.swift */,
				8B953C2F2AE1B37C00CF411E /* ProfileRepository.swift */,
			);
			path = Repositories;
			sourceTree = "<group>";
		};
		8B87E5AD2AB69741009248EC /* Use Cases */ = {
			isa = PBXGroup;
			children = (
				8B87E5B02AB697C5009248EC /* AuthUseCase.swift */,
				8B953C2D2AE14C8900CF411E /* UserUseCase.swift */,
				8B953C312AE1B4A900CF411E /* ProfileUseCase.swift */,
			);
			path = "Use Cases";
			sourceTree = "<group>";
		};
		8B87E5B22AB7329E009248EC /* Application */ = {
			isa = PBXGroup;
			children = (
				8B87E5402AB4094B009248EC /* Entry */,
				8B87E5462AB4097F009248EC /* View-ViewModel */,
			);
			path = Application;
			sourceTree = "<group>";
		};
		8B87E5B32AB73538009248EC /* Models */ = {
			isa = PBXGroup;
			children = (
				8B87E5B62AB7357A009248EC /* HTTP */,
				8B87E5B42AB73555009248EC /* UserDTO.swift */,
				8B46973C2AB7BFFD00CC8131 /* ProfileDTO.swift */,
				8B46973E2AB7C1BE00CC8131 /* SectionDTO.swift */,
				8B4697402AB7C1C200CC8131 /* MediaDTO.swift */,
				8B46974A2AB7C79A00CC8131 /* SeasonDTO.swift */,
				8B4697482AB7C79600CC8131 /* EpisodeDTO.swift */,
				8B46974C2AB7C7A200CC8131 /* ListDTO.swift */,
				8B263A862ABA442500C50D66 /* ServerErrorDTO.swift */,
			);
			path = Models;
			sourceTree = "<group>";
		};
		8B87E5B62AB7357A009248EC /* HTTP */ = {
			isa = PBXGroup;
			children = (
				8B87E5B92AB735C9009248EC /* HTTPUserDTO.swift */,
				8B4697462AB7C76C00CC8131 /* HTTPProfileDTO.swift */,
				8B4697442AB7C76600CC8131 /* HTTPSectionDTO.swift */,
				8B4697422AB7C75C00CC8131 /* HTTPMediaDTO.swift */,
				8B4697502AB7C7BC00CC8131 /* HTTPSeasonDTO.swift */,
				8B4697522AB7C7C900CC8131 /* HTTPListDTO.swift */,
				8B263A882ABA444700C50D66 /* HTTPServerErrorDTO.swift */,
			);
			path = HTTP;
			sourceTree = "<group>";
		};
		8B8F81B72ABF3247006B72CB /* URLDataTransfer */ = {
			isa = PBXGroup;
			children = (
				8B87E59F2AB544C8009248EC /* Endpoint.swift */,
				8B87E5A12AB5CE0C009248EC /* URLService.swift */,
				8B8F81BA2ABF32B1006B72CB /* URLSessionTask.swift */,
				8B8F81B82ABF3264006B72CB /* URLRequestConfiguration.swift */,
				8B8F81BE2ABF43A4006B72CB /* URLRequestErrorResolver.swift */,
				8B8F81C02ABF43BB006B72CB /* URLRequestMongoErrorResolver.swift */,
				8B8F81C22ABF43D6006B72CB /* URLRequestLogger.swift */,
				8B8F81BC2ABF437C006B72CB /* URLResponseDecoder.swift */,
				8B87E5A52AB6767E009248EC /* DataTransferService.swift */,
				8B8F81DA2ABF59CC006B72CB /* DataTransferErrorLogger.swift */,
				8B8F81DB2ABF59CC006B72CB /* DataTransferErrorResolver.swift */,
			);
			path = URLDataTransfer;
			sourceTree = "<group>";
		};
		8B935FDB2AD89F8A000268CB /* UIBarButton */ = {
			isa = PBXGroup;
			children = (
				8B935FDC2AD89FB2000268CB /* UIBarButton+View.swift */,
			);
			path = UIBarButton;
			sourceTree = "<group>";
		};
		8B935FE02AD957DB000268CB /* UIView */ = {
			isa = PBXGroup;
			children = (
				8B935FE12AD957F3000268CB /* UIView+Visibility.swift */,
			);
			path = UIView;
			sourceTree = "<group>";
		};
		8B953C182AE135E500CF411E /* HTTP */ = {
			isa = PBXGroup;
			children = (
				8B953C192AE1360600CF411E /* HTTPUser.swift */,
				8B953C1B2AE1360D00CF411E /* HTTPProfile.swift */,
				8B953C1D2AE1361100CF411E /* HTTPSection.swift */,
				8B953C1F2AE1361600CF411E /* HTTPMedia.swift */,
				8B953C212AE1361C00CF411E /* HTTPSeason.swift */,
				8B953C232AE1363700CF411E /* HTTPList.swift */,
				8B953C272AE1421500CF411E /* HTTPServerError.swift */,
			);
			path = HTTP;
			sourceTree = "<group>";
		};
		8BA1348C2AC2291300C50653 /* Auth */ = {
			isa = PBXGroup;
			children = (
				8BA1348D2AC2293400C50653 /* AuthCoordinator.swift */,
				8BA134912AC2294A00C50653 /* AuthViewModel.swift */,
				8BA1348F2AC2293B00C50653 /* AuthViewController.swift */,
				8BA134932AC2296800C50653 /* AuthViewController.storyboard */,
				8BA134962AC255C400C50653 /* Sign Up */,
				8BA134952AC255B600C50653 /* Sign In */,
			);
			path = Auth;
			sourceTree = "<group>";
		};
		8BA134952AC255B600C50653 /* Sign In */ = {
			isa = PBXGroup;
			children = (
				8BA1349D2AC255EE00C50653 /* SignInViewModel.swift */,
				8BA1349B2AC255E800C50653 /* SignInViewController.swift */,
			);
			path = "Sign In";
			sourceTree = "<group>";
		};
		8BA134962AC255C400C50653 /* Sign Up */ = {
			isa = PBXGroup;
			children = (
				8BA134992AC255DA00C50653 /* SignUpViewModel.swift */,
				8BA134972AC255D300C50653 /* SignUpViewController.swift */,
			);
			path = "Sign Up";
			sourceTree = "<group>";
		};
		8BA134A72AC5CA8B00C50653 /* UIColor */ = {
			isa = PBXGroup;
			children = (
				8BA134A82AC5CAC900C50653 /* UIColor+HEX.swift */,
			);
			path = UIColor;
			sourceTree = "<group>";
		};
		8BB79E6B2AB79E51000E191A /* Services */ = {
			isa = PBXGroup;
			children = (
				8BB692952AB7B9660076207C /* CoreDataStore.xcdatamodeld */,
				8BF4DD512AB7A08B00536F7E /* CoreDataService.swift */,
				8B64B8D62ADC775E00A272C5 /* CoreDataPersistable.swift */,
				8B64B8D82ADC778400A272C5 /* CoreDataValueTransformable.swift */,
				8B64B8DA2ADC77B000A272C5 /* CoreDataPersistingError.swift */,
				8BF4DD542AB7A61F00536F7E /* ValueTransformer.swift */,
				8B64B8DC2ADC792500A272C5 /* ValueTransformerValue.swift */,
			);
			path = Services;
			sourceTree = "<group>";
		};
		8BF4DD532AB7A56400536F7E /* Stores */ = {
			isa = PBXGroup;
			children = (
				8BD210FD2AB7CEB000030A89 /* UserResponseStore.swift */,
				8B64B8C52ADC649100A272C5 /* ResponseFetchable.swift */,
				8B64B8C72ADC64A200A272C5 /* ResponseSavable.swift */,
				8B64B8C92ADC64A700A272C5 /* ResponseDeletable.swift */,
				8B64B8C32ADC648700A272C5 /* ResponseFetcher.swift */,
				8B64B8CB2ADC64DE00A272C5 /* ResponseSaver.swift */,
				8B64B8CD2ADC650300A272C5 /* ResponseDeleter.swift */,
				8B64B8D22ADC661100A272C5 /* ResponsePersistable.swift */,
			);
			path = Stores;
			sourceTree = "<group>";
		};
/* End PBXGroup section */

/* Begin PBXNativeTarget section */
		8B87E5272AB408A0009248EC /* clean-mvvmc-master */ = {
			isa = PBXNativeTarget;
			buildConfigurationList = 8B87E53C2AB408A1009248EC /* Build configuration list for PBXNativeTarget "clean-mvvmc-master" */;
			buildPhases = (
				8B87E5242AB408A0009248EC /* Sources */,
				8B87E5252AB408A0009248EC /* Frameworks */,
				8B87E5262AB408A0009248EC /* Resources */,
			);
			buildRules = (
			);
			dependencies = (
			);
			name = "clean-mvvmc-master";
			packageProductDependencies = (
				8B8F81B52ABF2B25006B72CB /* CodeBureau */,
				8B8F81DF2ABFB3DF006B72CB /* URLDataTransfer */,
				8B8F81E22ABFB82C006B72CB /* Cryptographic */,
				8B049D942ABFC072004DC481 /* MongoDB */,
			);
			productName = "clean-mvvmc-master";
			productReference = 8B87E5282AB408A0009248EC /* clean-mvvmc-master.app */;
			productType = "com.apple.product-type.application";
		};
/* End PBXNativeTarget section */

/* Begin PBXProject section */
		8B87E5202AB408A0009248EC /* Project object */ = {
			isa = PBXProject;
			attributes = {
				BuildIndependentTargetsInParallel = 1;
				LastSwiftUpdateCheck = 1430;
				LastUpgradeCheck = 1500;
				TargetAttributes = {
					8B87E5272AB408A0009248EC = {
						CreatedOnToolsVersion = 14.3.1;
					};
				};
			};
			buildConfigurationList = 8B87E5232AB408A0009248EC /* Build configuration list for PBXProject "clean-mvvmc-master" */;
			compatibilityVersion = "Xcode 14.0";
			developmentRegion = en;
			hasScannedForEncodings = 0;
			knownRegions = (
				en,
				Base,
			);
			mainGroup = 8B87E51F2AB408A0009248EC;
			packageReferences = (
				8B8F81B42ABF2B25006B72CB /* XCRemoteSwiftPackageReference "CodeBureau" */,
				8B8F81DE2ABFB3DF006B72CB /* XCRemoteSwiftPackageReference "URLDataTransfer" */,
				8B8F81E12ABFB82C006B72CB /* XCRemoteSwiftPackageReference "Cryptographic" */,
				8B049D932ABFC072004DC481 /* XCRemoteSwiftPackageReference "MongoDB" */,
			);
			productRefGroup = 8B87E5292AB408A0009248EC /* Products */;
			projectDirPath = "";
			projectRoot = "";
			targets = (
				8B87E5272AB408A0009248EC /* clean-mvvmc-master */,
			);
		};
/* End PBXProject section */

/* Begin PBXResourcesBuildPhase section */
		8B87E5262AB408A0009248EC /* Resources */ = {
			isa = PBXResourcesBuildPhase;
			buildActionMask = 2147483647;
			files = (
				8B87E5662AB40A3E009248EC /* TabBarController.storyboard in Resources */,
				8B87E5792AB40A97009248EC /* CustomView.xib in Resources */,
				8B87E5972AB480A0009248EC /* DeltaViewController.storyboard in Resources */,
				8B87E5382AB408A1009248EC /* LaunchScreen.storyboard in Resources */,
				8B87E5352AB408A1009248EC /* Assets.xcassets in Resources */,
				8B87E5992AB483E2009248EC /* OmegaViewController.storyboard in Resources */,
				8B64B8E82AE05F5200A272C5 /* ProfileViewController.storyboard in Resources */,
				8BA134942AC2296800C50653 /* AuthViewController.storyboard in Resources */,
			);
			runOnlyForDeploymentPostprocessing = 0;
		};
/* End PBXResourcesBuildPhase section */

/* Begin PBXSourcesBuildPhase section */
		8B87E5242AB408A0009248EC /* Sources */ = {
			isa = PBXSourcesBuildPhase;
			buildActionMask = 2147483647;
			files = (
				8B4697432AB7C75C00CC8131 /* HTTPMediaDTO.swift in Sources */,
				8B64B8F42AE0619600A272C5 /* EditProfileViewModel.swift in Sources */,
				8B953C222AE1361C00CF411E /* HTTPSeason.swift in Sources */,
				8B87E5622AB40A26009248EC /* TabBarViewModel.swift in Sources */,
				8B87E5912AB40B28009248EC /* View+Instantiable.swift in Sources */,
				8B4697472AB7C76C00CC8131 /* HTTPProfileDTO.swift in Sources */,
				8B8F81DD2ABF59CD006B72CB /* DataTransferErrorResolver.swift in Sources */,
				8B87E5952AB40B4E009248EC /* Profile.swift in Sources */,
				8B9E5E8D2AC8BECB003FDC04 /* MongoServable.swift in Sources */,
				8B87E59E2AB53A45009248EC /* MongoServer.swift in Sources */,
				8B87E5452AB40978009248EC /* AppCoordinator.swift in Sources */,
				8B8F81BB2ABF32B1006B72CB /* URLSessionTask.swift in Sources */,
				8B953C282AE1421500CF411E /* HTTPServerError.swift in Sources */,
				8B953C302AE1B37D00CF411E /* ProfileRepository.swift in Sources */,
				8B935FDD2AD89FB2000268CB /* UIBarButton+View.swift in Sources */,
				8B87E5752AB40A8E009248EC /* CustomView.swift in Sources */,
				8B46973D2AB7BFFD00CC8131 /* ProfileDTO.swift in Sources */,
				8B87E5A92AB693D9009248EC /* Repository.swift in Sources */,
				8B64B8CC2ADC64DE00A272C5 /* ResponseSaver.swift in Sources */,
				8BB692A32AB7BD8A0076207C /* Season.swift in Sources */,
				8B8F81C32ABF43D6006B72CB /* URLRequestLogger.swift in Sources */,
				8B87E5A02AB544C8009248EC /* Endpoint.swift in Sources */,
				8B87E5602AB40A1F009248EC /* TabBarCoordinator.swift in Sources */,
				8B263A872ABA442500C50D66 /* ServerErrorDTO.swift in Sources */,
				8B953C202AE1361600CF411E /* HTTPMedia.swift in Sources */,
				8B87E5642AB40A2B009248EC /* TabBarController.swift in Sources */,
				8B64B8D32ADC661100A272C5 /* ResponsePersistable.swift in Sources */,
				8B64B8CA2ADC64A700A272C5 /* ResponseDeletable.swift in Sources */,
				8B9E5E8A2AC8BECB003FDC04 /* MongoAuthRequestable.swift in Sources */,
				8B8F81DC2ABF59CD006B72CB /* DataTransferErrorLogger.swift in Sources */,
				8BB692972AB7B9660076207C /* CoreDataStore.xcdatamodeld in Sources */,
				8BB692A12AB7BD870076207C /* Episode.swift in Sources */,
				8B87E5702AB40A74009248EC /* GammaViewModel.swift in Sources */,
				8B87E5832AB40AC7009248EC /* OmegaViewController.swift in Sources */,
				8B935FE22AD957F3000268CB /* UIView+Visibility.swift in Sources */,
				8B263A892ABA444700C50D66 /* HTTPServerErrorDTO.swift in Sources */,
				8BA134AB2AC6265A00C50653 /* GradientView.swift in Sources */,
				8B953C322AE1B4A900CF411E /* ProfileUseCase.swift in Sources */,
				8BF4DD522AB7A08B00536F7E /* CoreDataService.swift in Sources */,
				8BB692992AB7BD350076207C /* Media.swift in Sources */,
				8B64B8D92ADC778500A272C5 /* CoreDataValueTransformable.swift in Sources */,
				8B9E5FE32AD59329003FDC04 /* TextField.swift in Sources */,
				8BA5210B2AB7715D00DAE2F7 /* ImageService.swift in Sources */,
				8B9E5E8C2AC8BECB003FDC04 /* MongoHostProvidable.swift in Sources */,
				8B64B8F22AE0618F00A272C5 /* AddProfileViewModel.swift in Sources */,
				8B06BA5B2AD9C51A00DFF745 /* UIViewController+Layout.swift in Sources */,
				8B64B8F02AE0616200A272C5 /* AddProfileViewController.swift in Sources */,
				8B64B8C22ADC2B5A00A272C5 /* ViewLifecycleBehavior.swift in Sources */,
				8B87E56E2AB40A6F009248EC /* BetaViewController.swift in Sources */,
				8B87E5AF2AB697C0009248EC /* AuthRepository.swift in Sources */,
				8BA134922AC2294A00C50653 /* AuthViewModel.swift in Sources */,
				8B953C2A2AE1458800CF411E /* ServerError.swift in Sources */,
				8B64B8E62AE05EAD00A272C5 /* ProfileCoordinator.swift in Sources */,
				8B87E5432AB4096B009248EC /* Application.swift in Sources */,
				8B9E5E8B2AC8BECB003FDC04 /* MongoAuthenticable.swift in Sources */,
				8B87E5B52AB73555009248EC /* UserDTO.swift in Sources */,
				8BA134902AC2293B00C50653 /* AuthViewController.swift in Sources */,
				8BA1349C2AC255E800C50653 /* SignInViewController.swift in Sources */,
				8BB6929D2AB7BD630076207C /* List.swift in Sources */,
				8B87E5A62AB6767E009248EC /* DataTransferService.swift in Sources */,
				8B87E57D2AB40AB7009248EC /* DeltaViewModel.swift in Sources */,
				8BA1349A2AC255DA00C50653 /* SignUpViewModel.swift in Sources */,
				8B87E5772AB40A92009248EC /* CustomViewModel.swift in Sources */,
				8B64B8DD2ADC792500A272C5 /* ValueTransformerValue.swift in Sources */,
				8BA1348E2AC2293400C50653 /* AuthCoordinator.swift in Sources */,
				8B87E5A22AB5CE0C009248EC /* URLService.swift in Sources */,
				8B6BA72D2ADBF9B900B7FD8A /* BorderedButton.swift in Sources */,
				8BF4DD552AB7A61F00536F7E /* ValueTransformer.swift in Sources */,
				8B64B8C82ADC64A200A272C5 /* ResponseSavable.swift in Sources */,
				8B87E5722AB40A79009248EC /* GammaViewController.swift in Sources */,
				8B64B8C42ADC648700A272C5 /* ResponseFetcher.swift in Sources */,
				8B953C1E2AE1361100CF411E /* HTTPSection.swift in Sources */,
				8B4697452AB7C76600CC8131 /* HTTPSectionDTO.swift in Sources */,
				8B64B8E22AE0593E00A272C5 /* ProfileViewModel.swift in Sources */,
				8B87E57F2AB40ABC009248EC /* DeltaViewController.swift in Sources */,
				8B87E5BC2AB74C88009248EC /* MongoAuthenticator.swift in Sources */,
				8B64B8EE2AE0614D00A272C5 /* EditProfileViewController.swift in Sources */,
				8BB692A52AB7BD970076207C /* Trailer.swift in Sources */,
				8B953C262AE1367700CF411E /* HTTPRepresentable.swift in Sources */,
				8B4697492AB7C79600CC8131 /* EpisodeDTO.swift in Sources */,
				8B87E56A2AB40A66009248EC /* AlphaViewController.swift in Sources */,
				8B87E5BA2AB735C9009248EC /* HTTPUserDTO.swift in Sources */,
				8B87E52C2AB408A0009248EC /* AppDelegate.swift in Sources */,
				8B46974B2AB7C79A00CC8131 /* SeasonDTO.swift in Sources */,
				8B64B8D12ADC65F200A272C5 /* NSFetchRequestResult+Mapping.swift in Sources */,
				8B8F81C12ABF43BB006B72CB /* URLRequestMongoErrorResolver.swift in Sources */,
				8B953C1C2AE1360D00CF411E /* HTTPProfile.swift in Sources */,
				8BA1349E2AC255EE00C50653 /* SignInViewModel.swift in Sources */,
				8B64B8DB2ADC77B000A272C5 /* CoreDataPersistingError.swift in Sources */,
				8B87E5682AB40A61009248EC /* AlphaViewModel.swift in Sources */,
				8B8F81BF2ABF43A4006B72CB /* URLRequestErrorResolver.swift in Sources */,
				8BA134A42AC5AB6F00C50653 /* NavigationController.swift in Sources */,
				8B87E5B12AB697C5009248EC /* AuthUseCase.swift in Sources */,
				8B4697512AB7C7BC00CC8131 /* HTTPSeasonDTO.swift in Sources */,
				8B87E52E2AB408A0009248EC /* SceneDelegate.swift in Sources */,
				8B87E5812AB40AC1009248EC /* OmegaViewModel.swift in Sources */,
				8B64B8E02AE0593300A272C5 /* ProfileViewController.swift in Sources */,
				8BA134A62AC5CA6900C50653 /* Theme.swift in Sources */,
				8B87E56C2AB40A6B009248EC /* BetaViewModel.swift in Sources */,
				8B953C1A2AE1360600CF411E /* HTTPUser.swift in Sources */,
				8BB6929F2AB7BD780076207C /* ProfileSetting.swift in Sources */,
				8B953C242AE1363700CF411E /* HTTPList.swift in Sources */,
				8B46973F2AB7C1BE00CC8131 /* SectionDTO.swift in Sources */,
				8BA134A92AC5CAC900C50653 /* UIColor+HEX.swift in Sources */,
				8B8F81B92ABF3264006B72CB /* URLRequestConfiguration.swift in Sources */,
				8B87E5AB2AB693DD009248EC /* UseCase.swift in Sources */,
				8B4697412AB7C1C200CC8131 /* MediaDTO.swift in Sources */,
				8B87E5932AB40B40009248EC /* UIViewController+Storyboard.swift in Sources */,
				8B64B8D72ADC775E00A272C5 /* CoreDataPersistable.swift in Sources */,
				8BB6929B2AB7BD380076207C /* Section.swift in Sources */,
				8B953C2C2AE14C8400CF411E /* UserRepository.swift in Sources */,
				8B64B8CE2ADC650300A272C5 /* ResponseDeleter.swift in Sources */,
				8BB79E6A2AB79A09000E191A /* User.swift in Sources */,
				8BA134982AC255D300C50653 /* SignUpViewController.swift in Sources */,
				8B049D972ABFC1BC004DC481 /* MongoHostProvider.swift in Sources */,
				8B46974D2AB7C7A200CC8131 /* ListDTO.swift in Sources */,
				8B64B8C62ADC649100A272C5 /* ResponseFetchable.swift in Sources */,
				8B8F81BD2ABF437C006B72CB /* URLResponseDecoder.swift in Sources */,
				8B953C2E2AE14C8900CF411E /* UserUseCase.swift in Sources */,
				8BD210FE2AB7CEB000030A89 /* UserResponseStore.swift in Sources */,
				8B4697532AB7C7C900CC8131 /* HTTPListDTO.swift in Sources */,
				8B64B8D52ADC668700A272C5 /* AuthService.swift in Sources */,
			);
			runOnlyForDeploymentPostprocessing = 0;
		};
/* End PBXSourcesBuildPhase section */

/* Begin PBXVariantGroup section */
		8B87E5362AB408A1009248EC /* LaunchScreen.storyboard */ = {
			isa = PBXVariantGroup;
			children = (
				8B87E5372AB408A1009248EC /* Base */,
			);
			name = LaunchScreen.storyboard;
			sourceTree = "<group>";
		};
/* End PBXVariantGroup section */

/* Begin XCBuildConfiguration section */
		8B87E53A2AB408A1009248EC /* Debug */ = {
			isa = XCBuildConfiguration;
			buildSettings = {
				ALWAYS_SEARCH_USER_PATHS = NO;
				CLANG_ANALYZER_NONNULL = YES;
				CLANG_ANALYZER_NUMBER_OBJECT_CONVERSION = YES_AGGRESSIVE;
				CLANG_CXX_LANGUAGE_STANDARD = "gnu++20";
				CLANG_ENABLE_MODULES = YES;
				CLANG_ENABLE_OBJC_ARC = YES;
				CLANG_ENABLE_OBJC_WEAK = YES;
				CLANG_WARN_BLOCK_CAPTURE_AUTORELEASING = YES;
				CLANG_WARN_BOOL_CONVERSION = YES;
				CLANG_WARN_COMMA = YES;
				CLANG_WARN_CONSTANT_CONVERSION = YES;
				CLANG_WARN_DEPRECATED_OBJC_IMPLEMENTATIONS = YES;
				CLANG_WARN_DIRECT_OBJC_ISA_USAGE = YES_ERROR;
				CLANG_WARN_DOCUMENTATION_COMMENTS = YES;
				CLANG_WARN_EMPTY_BODY = YES;
				CLANG_WARN_ENUM_CONVERSION = YES;
				CLANG_WARN_INFINITE_RECURSION = YES;
				CLANG_WARN_INT_CONVERSION = YES;
				CLANG_WARN_NON_LITERAL_NULL_CONVERSION = YES;
				CLANG_WARN_OBJC_IMPLICIT_RETAIN_SELF = YES;
				CLANG_WARN_OBJC_LITERAL_CONVERSION = YES;
				CLANG_WARN_OBJC_ROOT_CLASS = YES_ERROR;
				CLANG_WARN_QUOTED_INCLUDE_IN_FRAMEWORK_HEADER = YES;
				CLANG_WARN_RANGE_LOOP_ANALYSIS = YES;
				CLANG_WARN_STRICT_PROTOTYPES = YES;
				CLANG_WARN_SUSPICIOUS_MOVE = YES;
				CLANG_WARN_UNGUARDED_AVAILABILITY = YES_AGGRESSIVE;
				CLANG_WARN_UNREACHABLE_CODE = YES;
				CLANG_WARN__DUPLICATE_METHOD_MATCH = YES;
				COPY_PHASE_STRIP = NO;
				DEBUG_INFORMATION_FORMAT = dwarf;
				ENABLE_STRICT_OBJC_MSGSEND = YES;
				ENABLE_TESTABILITY = YES;
				ENABLE_USER_SCRIPT_SANDBOXING = YES;
				GCC_C_LANGUAGE_STANDARD = gnu11;
				GCC_DYNAMIC_NO_PIC = NO;
				GCC_NO_COMMON_BLOCKS = YES;
				GCC_OPTIMIZATION_LEVEL = 0;
				GCC_PREPROCESSOR_DEFINITIONS = (
					"DEBUG=1",
					"$(inherited)",
				);
				GCC_WARN_64_TO_32_BIT_CONVERSION = YES;
				GCC_WARN_ABOUT_RETURN_TYPE = YES_ERROR;
				GCC_WARN_UNDECLARED_SELECTOR = YES;
				GCC_WARN_UNINITIALIZED_AUTOS = YES_AGGRESSIVE;
				GCC_WARN_UNUSED_FUNCTION = YES;
				GCC_WARN_UNUSED_VARIABLE = YES;
				IPHONEOS_DEPLOYMENT_TARGET = 16.1;
				MTL_ENABLE_DEBUG_INFO = INCLUDE_SOURCE;
				MTL_FAST_MATH = YES;
				ONLY_ACTIVE_ARCH = YES;
				SDKROOT = iphoneos;
				SWIFT_ACTIVE_COMPILATION_CONDITIONS = DEBUG;
				SWIFT_OPTIMIZATION_LEVEL = "-Onone";
			};
			name = Debug;
		};
		8B87E53B2AB408A1009248EC /* Release */ = {
			isa = XCBuildConfiguration;
			buildSettings = {
				ALWAYS_SEARCH_USER_PATHS = NO;
				CLANG_ANALYZER_NONNULL = YES;
				CLANG_ANALYZER_NUMBER_OBJECT_CONVERSION = YES_AGGRESSIVE;
				CLANG_CXX_LANGUAGE_STANDARD = "gnu++20";
				CLANG_ENABLE_MODULES = YES;
				CLANG_ENABLE_OBJC_ARC = YES;
				CLANG_ENABLE_OBJC_WEAK = YES;
				CLANG_WARN_BLOCK_CAPTURE_AUTORELEASING = YES;
				CLANG_WARN_BOOL_CONVERSION = YES;
				CLANG_WARN_COMMA = YES;
				CLANG_WARN_CONSTANT_CONVERSION = YES;
				CLANG_WARN_DEPRECATED_OBJC_IMPLEMENTATIONS = YES;
				CLANG_WARN_DIRECT_OBJC_ISA_USAGE = YES_ERROR;
				CLANG_WARN_DOCUMENTATION_COMMENTS = YES;
				CLANG_WARN_EMPTY_BODY = YES;
				CLANG_WARN_ENUM_CONVERSION = YES;
				CLANG_WARN_INFINITE_RECURSION = YES;
				CLANG_WARN_INT_CONVERSION = YES;
				CLANG_WARN_NON_LITERAL_NULL_CONVERSION = YES;
				CLANG_WARN_OBJC_IMPLICIT_RETAIN_SELF = YES;
				CLANG_WARN_OBJC_LITERAL_CONVERSION = YES;
				CLANG_WARN_OBJC_ROOT_CLASS = YES_ERROR;
				CLANG_WARN_QUOTED_INCLUDE_IN_FRAMEWORK_HEADER = YES;
				CLANG_WARN_RANGE_LOOP_ANALYSIS = YES;
				CLANG_WARN_STRICT_PROTOTYPES = YES;
				CLANG_WARN_SUSPICIOUS_MOVE = YES;
				CLANG_WARN_UNGUARDED_AVAILABILITY = YES_AGGRESSIVE;
				CLANG_WARN_UNREACHABLE_CODE = YES;
				CLANG_WARN__DUPLICATE_METHOD_MATCH = YES;
				COPY_PHASE_STRIP = NO;
				DEBUG_INFORMATION_FORMAT = "dwarf-with-dsym";
				ENABLE_NS_ASSERTIONS = NO;
				ENABLE_STRICT_OBJC_MSGSEND = YES;
				ENABLE_USER_SCRIPT_SANDBOXING = YES;
				GCC_C_LANGUAGE_STANDARD = gnu11;
				GCC_NO_COMMON_BLOCKS = YES;
				GCC_WARN_64_TO_32_BIT_CONVERSION = YES;
				GCC_WARN_ABOUT_RETURN_TYPE = YES_ERROR;
				GCC_WARN_UNDECLARED_SELECTOR = YES;
				GCC_WARN_UNINITIALIZED_AUTOS = YES_AGGRESSIVE;
				GCC_WARN_UNUSED_FUNCTION = YES;
				GCC_WARN_UNUSED_VARIABLE = YES;
				IPHONEOS_DEPLOYMENT_TARGET = 16.1;
				MTL_ENABLE_DEBUG_INFO = NO;
				MTL_FAST_MATH = YES;
				SDKROOT = iphoneos;
				SWIFT_COMPILATION_MODE = wholemodule;
				SWIFT_OPTIMIZATION_LEVEL = "-O";
				VALIDATE_PRODUCT = YES;
			};
			name = Release;
		};
		8B87E53D2AB408A1009248EC /* Debug */ = {
			isa = XCBuildConfiguration;
			buildSettings = {
				API_HOST = "localhost:3000";
				API_SCHEME = http;
				ASSETCATALOG_COMPILER_APPICON_NAME = AppIcon;
				ASSETCATALOG_COMPILER_GLOBAL_ACCENT_COLOR_NAME = AccentColor;
				CODE_SIGN_STYLE = Automatic;
				CURRENT_PROJECT_VERSION = 1;
				DEVELOPMENT_TEAM = 622LJ3NW2R;
				GENERATE_INFOPLIST_FILE = YES;
				INFOPLIST_FILE = "clean-mvvmc-master/Resources/Info.plist";
				INFOPLIST_KEY_UIApplicationSupportsIndirectInputEvents = YES;
				INFOPLIST_KEY_UILaunchStoryboardName = LaunchScreen;
				INFOPLIST_KEY_UIMainStoryboardFile = "";
				INFOPLIST_KEY_UISupportedInterfaceOrientations_iPad = "UIInterfaceOrientationPortrait UIInterfaceOrientationPortraitUpsideDown UIInterfaceOrientationLandscapeLeft UIInterfaceOrientationLandscapeRight";
				INFOPLIST_KEY_UISupportedInterfaceOrientations_iPhone = "UIInterfaceOrientationPortrait UIInterfaceOrientationLandscapeLeft UIInterfaceOrientationLandscapeRight";
				IPHONEOS_DEPLOYMENT_TARGET = 16.1;
				JWT_SECRET = n37fl1x5w1f7z4chb4z0vri0sd3v3l0p3r;
				LD_RUNPATH_SEARCH_PATHS = (
					"$(inherited)",
					"@executable_path/Frameworks",
				);
				MARKETING_VERSION = 1.0;
				PRODUCT_BUNDLE_IDENTIFIER = "com.zachbazov.clean-mvvmc-master";
				PRODUCT_NAME = "$(TARGET_NAME)";
				SWIFT_EMIT_LOC_STRINGS = YES;
				SWIFT_VERSION = 5.0;
				TARGETED_DEVICE_FAMILY = "1,2";
			};
			name = Debug;
		};
		8B87E53E2AB408A1009248EC /* Release */ = {
			isa = XCBuildConfiguration;
			buildSettings = {
				API_HOST = "localhost:3000";
				API_SCHEME = http;
				ASSETCATALOG_COMPILER_APPICON_NAME = AppIcon;
				ASSETCATALOG_COMPILER_GLOBAL_ACCENT_COLOR_NAME = AccentColor;
				CODE_SIGN_STYLE = Automatic;
				CURRENT_PROJECT_VERSION = 1;
				DEVELOPMENT_TEAM = 622LJ3NW2R;
				GENERATE_INFOPLIST_FILE = YES;
				INFOPLIST_FILE = "clean-mvvmc-master/Resources/Info.plist";
				INFOPLIST_KEY_UIApplicationSupportsIndirectInputEvents = YES;
				INFOPLIST_KEY_UILaunchStoryboardName = LaunchScreen;
				INFOPLIST_KEY_UIMainStoryboardFile = "";
				INFOPLIST_KEY_UISupportedInterfaceOrientations_iPad = "UIInterfaceOrientationPortrait UIInterfaceOrientationPortraitUpsideDown UIInterfaceOrientationLandscapeLeft UIInterfaceOrientationLandscapeRight";
				INFOPLIST_KEY_UISupportedInterfaceOrientations_iPhone = "UIInterfaceOrientationPortrait UIInterfaceOrientationLandscapeLeft UIInterfaceOrientationLandscapeRight";
				IPHONEOS_DEPLOYMENT_TARGET = 16.1;
				JWT_SECRET = n37fl1x5w1f7z4chb4z0vri0sd3v3l0p3r;
				LD_RUNPATH_SEARCH_PATHS = (
					"$(inherited)",
					"@executable_path/Frameworks",
				);
				MARKETING_VERSION = 1.0;
				PRODUCT_BUNDLE_IDENTIFIER = "com.zachbazov.clean-mvvmc-master";
				PRODUCT_NAME = "$(TARGET_NAME)";
				SWIFT_EMIT_LOC_STRINGS = YES;
				SWIFT_VERSION = 5.0;
				TARGETED_DEVICE_FAMILY = "1,2";
			};
			name = Release;
		};
/* End XCBuildConfiguration section */

/* Begin XCConfigurationList section */
		8B87E5232AB408A0009248EC /* Build configuration list for PBXProject "clean-mvvmc-master" */ = {
			isa = XCConfigurationList;
			buildConfigurations = (
				8B87E53A2AB408A1009248EC /* Debug */,
				8B87E53B2AB408A1009248EC /* Release */,
			);
			defaultConfigurationIsVisible = 0;
			defaultConfigurationName = Release;
		};
		8B87E53C2AB408A1009248EC /* Build configuration list for PBXNativeTarget "clean-mvvmc-master" */ = {
			isa = XCConfigurationList;
			buildConfigurations = (
				8B87E53D2AB408A1009248EC /* Debug */,
				8B87E53E2AB408A1009248EC /* Release */,
			);
			defaultConfigurationIsVisible = 0;
			defaultConfigurationName = Release;
		};
/* End XCConfigurationList section */

/* Begin XCRemoteSwiftPackageReference section */
		8B049D932ABFC072004DC481 /* XCRemoteSwiftPackageReference "MongoDB" */ = {
			isa = XCRemoteSwiftPackageReference;
			repositoryURL = "https://github.com/zachbazov/MongoDB.git";
			requirement = {
				branch = main;
				kind = branch;
			};
		};
		8B8F81B42ABF2B25006B72CB /* XCRemoteSwiftPackageReference "CodeBureau" */ = {
			isa = XCRemoteSwiftPackageReference;
			repositoryURL = "https://github.com/zachbazov/CodeBureau.git";
			requirement = {
				branch = main;
				kind = branch;
			};
		};
		8B8F81DE2ABFB3DF006B72CB /* XCRemoteSwiftPackageReference "URLDataTransfer" */ = {
			isa = XCRemoteSwiftPackageReference;
			repositoryURL = "https://github.com/zachbazov/URLDataTransfer.git";
			requirement = {
				branch = main;
				kind = branch;
			};
		};
		8B8F81E12ABFB82C006B72CB /* XCRemoteSwiftPackageReference "Cryptographic" */ = {
			isa = XCRemoteSwiftPackageReference;
			repositoryURL = "https://github.com/zachbazov/Cryptographic.git";
			requirement = {
				branch = main;
				kind = branch;
			};
		};
/* End XCRemoteSwiftPackageReference section */

/* Begin XCSwiftPackageProductDependency section */
		8B049D942ABFC072004DC481 /* MongoDB */ = {
			isa = XCSwiftPackageProductDependency;
			package = 8B049D932ABFC072004DC481 /* XCRemoteSwiftPackageReference "MongoDB" */;
			productName = MongoDB;
		};
		8B8F81B52ABF2B25006B72CB /* CodeBureau */ = {
			isa = XCSwiftPackageProductDependency;
			package = 8B8F81B42ABF2B25006B72CB /* XCRemoteSwiftPackageReference "CodeBureau" */;
			productName = CodeBureau;
		};
		8B8F81DF2ABFB3DF006B72CB /* URLDataTransfer */ = {
			isa = XCSwiftPackageProductDependency;
			package = 8B8F81DE2ABFB3DF006B72CB /* XCRemoteSwiftPackageReference "URLDataTransfer" */;
			productName = URLDataTransfer;
		};
		8B8F81E22ABFB82C006B72CB /* Cryptographic */ = {
			isa = XCSwiftPackageProductDependency;
			package = 8B8F81E12ABFB82C006B72CB /* XCRemoteSwiftPackageReference "Cryptographic" */;
			productName = Cryptographic;
		};
/* End XCSwiftPackageProductDependency section */

/* Begin XCVersionGroup section */
		8BB692952AB7B9660076207C /* CoreDataStore.xcdatamodeld */ = {
			isa = XCVersionGroup;
			children = (
				8BB692962AB7B9660076207C /* CoreDataStore.xcdatamodel */,
			);
			currentVersion = 8BB692962AB7B9660076207C /* CoreDataStore.xcdatamodel */;
			path = CoreDataStore.xcdatamodeld;
			sourceTree = "<group>";
			versionGroupType = wrapper.xcdatamodel;
		};
/* End XCVersionGroup section */
	};
	rootObject = 8B87E5202AB408A0009248EC /* Project object */;
}
